// !$*UTF8*$!
{
	archiveVersion = 1;
	classes = {
	};
	objectVersion = 56;
	objects = {

/* Begin PBXBuildFile section */
		07904E1B2B9CDF46003B44AC /* MapAreaPopupView.swift in Sources */ = {isa = PBXBuildFile; fileRef = 07904E1A2B9CDF46003B44AC /* MapAreaPopupView.swift */; };
		07904E1E2B9D1F24003B44AC /* FirebaseAnalytics in Frameworks */ = {isa = PBXBuildFile; productRef = 07904E1D2B9D1F24003B44AC /* FirebaseAnalytics */; };
		07904E202B9D1F24003B44AC /* FirebaseAnalyticsSwift in Frameworks */ = {isa = PBXBuildFile; productRef = 07904E1F2B9D1F24003B44AC /* FirebaseAnalyticsSwift */; };
		07904E222B9D1F24003B44AC /* FirebaseAuth in Frameworks */ = {isa = PBXBuildFile; productRef = 07904E212B9D1F24003B44AC /* FirebaseAuth */; };
		07904E242B9D1F24003B44AC /* FirebaseFirestore in Frameworks */ = {isa = PBXBuildFile; productRef = 07904E232B9D1F24003B44AC /* FirebaseFirestore */; };
		07904E262B9D1F24003B44AC /* FirebaseFirestoreSwift in Frameworks */ = {isa = PBXBuildFile; productRef = 07904E252B9D1F24003B44AC /* FirebaseFirestoreSwift */; };
		07904E282B9D1F24003B44AC /* FirebaseStorage in Frameworks */ = {isa = PBXBuildFile; productRef = 07904E272B9D1F24003B44AC /* FirebaseStorage */; };
		07904E2B2B9D1F2F003B44AC /* GoogleSignIn in Frameworks */ = {isa = PBXBuildFile; productRef = 07904E2A2B9D1F2F003B44AC /* GoogleSignIn */; };
		07904E2D2B9D1F2F003B44AC /* GoogleSignInSwift in Frameworks */ = {isa = PBXBuildFile; productRef = 07904E2C2B9D1F2F003B44AC /* GoogleSignInSwift */; };
		079C3E702B979EA800DBEEAF /* ImageManager.swift in Sources */ = {isa = PBXBuildFile; fileRef = 079C3E6F2B979EA800DBEEAF /* ImageManager.swift */; };
		079C3E752B97A30200DBEEAF /* AddImageViewModel.swift in Sources */ = {isa = PBXBuildFile; fileRef = 079C3E742B97A30200DBEEAF /* AddImageViewModel.swift */; };
		07A093B92B883F0D00FC5511 /* DetailsView.swift in Sources */ = {isa = PBXBuildFile; fileRef = 07A093B82B883F0D00FC5511 /* DetailsView.swift */; };
		07BA50C22B97DAC1006F7CDA /* AddImageView.swift in Sources */ = {isa = PBXBuildFile; fileRef = 07BA50C12B97DAC1006F7CDA /* AddImageView.swift */; };
		07D3C3EA2B9116FC00EEEE57 /* Launch Screen.storyboard in Resources */ = {isa = PBXBuildFile; fileRef = 07D3C3E92B9116FC00EEEE57 /* Launch Screen.storyboard */; };
		07D3C3EC2B914EF300EEEE57 /* FilterViewModel.swift in Sources */ = {isa = PBXBuildFile; fileRef = 07D3C3EB2B914EF300EEEE57 /* FilterViewModel.swift */; };
		07F7B4E12B7EE69800D077A1 /* StudyBarnApp.swift in Sources */ = {isa = PBXBuildFile; fileRef = 07F7B4E02B7EE69800D077A1 /* StudyBarnApp.swift */; };
		07F7B4E32B7EE69800D077A1 /* ContentView.swift in Sources */ = {isa = PBXBuildFile; fileRef = 07F7B4E22B7EE69800D077A1 /* ContentView.swift */; };
		07F7B4E52B7EE69A00D077A1 /* Assets.xcassets in Resources */ = {isa = PBXBuildFile; fileRef = 07F7B4E42B7EE69A00D077A1 /* Assets.xcassets */; };
		07F7B4E82B7EE69A00D077A1 /* Preview Assets.xcassets in Resources */ = {isa = PBXBuildFile; fileRef = 07F7B4E72B7EE69A00D077A1 /* Preview Assets.xcassets */; };
		07F7B4EF2B7EE6B400D077A1 /* ExploreView.swift in Sources */ = {isa = PBXBuildFile; fileRef = 07F7B4EE2B7EE6B300D077A1 /* ExploreView.swift */; };
		07F7B4F32B7EE7E400D077A1 /* MapView.swift in Sources */ = {isa = PBXBuildFile; fileRef = 07F7B4F22B7EE7E400D077A1 /* MapView.swift */; };
		07F7B4F92B7EE89B00D077A1 /* SelectView.swift in Sources */ = {isa = PBXBuildFile; fileRef = 07F7B4F82B7EE89B00D077A1 /* SelectView.swift */; };
		07F7B4FD2B7FBCC200D077A1 /* LocationBoxView.swift in Sources */ = {isa = PBXBuildFile; fileRef = 07F7B4FC2B7FBCC200D077A1 /* LocationBoxView.swift */; };
		846231A92B919135003F25C2 /* ListingCarouselView.swift in Sources */ = {isa = PBXBuildFile; fileRef = 846231A82B919135003F25C2 /* ListingCarouselView.swift */; };
		F1058D2C2B97F80B0067319B /* HeartButtonView.swift in Sources */ = {isa = PBXBuildFile; fileRef = F1058D2B2B97F80B0067319B /* HeartButtonView.swift */; };
		F113CE6F2B965B3000638901 /* DetailsViewModel.swift in Sources */ = {isa = PBXBuildFile; fileRef = F113CE6E2B965B3000638901 /* DetailsViewModel.swift */; };
		F113CE752B9686BB00638901 /* SubAreaView.swift in Sources */ = {isa = PBXBuildFile; fileRef = F113CE742B9686BB00638901 /* SubAreaView.swift */; };
		F1351ECE2B8EA2DC005864D1 /* UserModel.swift in Sources */ = {isa = PBXBuildFile; fileRef = F1351ECD2B8EA2DC005864D1 /* UserModel.swift */; };
		F1351ED32B8EA303005864D1 /* UserManager.swift in Sources */ = {isa = PBXBuildFile; fileRef = F1351ED22B8EA303005864D1 /* UserManager.swift */; };
		F1351ED72B8EAA6E005864D1 /* UserViewModel.swift in Sources */ = {isa = PBXBuildFile; fileRef = F1351ED62B8EAA6E005864D1 /* UserViewModel.swift */; };
		F1351EDD2B8EC9A8005864D1 /* ProfileView.swift in Sources */ = {isa = PBXBuildFile; fileRef = F1351EDC2B8EC9A8005864D1 /* ProfileView.swift */; };
		F13687752B8808D200A9A974 /* LoginView.swift in Sources */ = {isa = PBXBuildFile; fileRef = F13687742B8808D200A9A974 /* LoginView.swift */; };
		F136878F2B88398200A9A974 /* LoginViewModel.swift in Sources */ = {isa = PBXBuildFile; fileRef = F136878E2B88398200A9A974 /* LoginViewModel.swift */; };
		F13687922B8839FF00A9A974 /* AuthenticationManager.swift in Sources */ = {isa = PBXBuildFile; fileRef = F13687912B8839FF00A9A974 /* AuthenticationManager.swift */; };
		F13687B72B883B3D00A9A974 /* SignInGoogleHelper.swift in Sources */ = {isa = PBXBuildFile; fileRef = F13687B62B883B3D00A9A974 /* SignInGoogleHelper.swift */; };
		F13687BF2B883B8300A9A974 /* Utilities.swift in Sources */ = {isa = PBXBuildFile; fileRef = F13687BE2B883B8300A9A974 /* Utilities.swift */; };
		F13687C12B883CB600A9A974 /* RootView.swift in Sources */ = {isa = PBXBuildFile; fileRef = F13687C02B883CB600A9A974 /* RootView.swift */; };
		F169F44A2B8FAB0800DCA7D5 /* AreaModel.swift in Sources */ = {isa = PBXBuildFile; fileRef = F169F4492B8FAB0800DCA7D5 /* AreaModel.swift */; };
		F169F44E2B8FAB2200DCA7D5 /* SubAreaModel.swift in Sources */ = {isa = PBXBuildFile; fileRef = F169F44D2B8FAB2200DCA7D5 /* SubAreaModel.swift */; };
		F169F4522B8FB36000DCA7D5 /* AreaManager.swift in Sources */ = {isa = PBXBuildFile; fileRef = F169F4512B8FB36000DCA7D5 /* AreaManager.swift */; };
		F169F4542B8FB36900DCA7D5 /* SubAreaManager.swift in Sources */ = {isa = PBXBuildFile; fileRef = F169F4532B8FB36900DCA7D5 /* SubAreaManager.swift */; };
		F169F4582B8FF92200DCA7D5 /* AdminView.swift in Sources */ = {isa = PBXBuildFile; fileRef = F169F4572B8FF92200DCA7D5 /* AdminView.swift */; };
		F169F45B2B8FFA0800DCA7D5 /* AddAreaView.swift in Sources */ = {isa = PBXBuildFile; fileRef = F169F45A2B8FFA0800DCA7D5 /* AddAreaView.swift */; };
		F169F45D2B8FFCA800DCA7D5 /* AddSubAreaView.swift in Sources */ = {isa = PBXBuildFile; fileRef = F169F45C2B8FFCA800DCA7D5 /* AddSubAreaView.swift */; };
		F169F45F2B8FFCE200DCA7D5 /* AddAreaViewModel.swift in Sources */ = {isa = PBXBuildFile; fileRef = F169F45E2B8FFCE200DCA7D5 /* AddAreaViewModel.swift */; };
		F169F4612B8FFCED00DCA7D5 /* AddSubAreaViewModel.swift in Sources */ = {isa = PBXBuildFile; fileRef = F169F4602B8FFCED00DCA7D5 /* AddSubAreaViewModel.swift */; };
		F18758662B88428A004CC7FE /* GoogleService-Info.plist in Resources */ = {isa = PBXBuildFile; fileRef = F18758652B88428A004CC7FE /* GoogleService-Info.plist */; };
		F18758692B886083004CC7FE /* GoogleLoginButton.swift in Sources */ = {isa = PBXBuildFile; fileRef = F18758682B886083004CC7FE /* GoogleLoginButton.swift */; };
		F199DB692B9D1408007BA9DF /* FeatureListingView.swift in Sources */ = {isa = PBXBuildFile; fileRef = F199DB682B9D1408007BA9DF /* FeatureListingView.swift */; };
		F1C49A4A2B919CB3008CC172 /* SearchBar.swift in Sources */ = {isa = PBXBuildFile; fileRef = F1C49A482B919CB3008CC172 /* SearchBar.swift */; };
		F1C49A4B2B919CB3008CC172 /* SearchView.swift in Sources */ = {isa = PBXBuildFile; fileRef = F1C49A492B919CB3008CC172 /* SearchView.swift */; };
		F1C49A4E2B91AB38008CC172 /* SelectViewModel.swift in Sources */ = {isa = PBXBuildFile; fileRef = F1C49A4D2B91AB38008CC172 /* SelectViewModel.swift */; };
/* End PBXBuildFile section */

/* Begin PBXFileReference section */
		07904E1A2B9CDF46003B44AC /* MapAreaPopupView.swift */ = {isa = PBXFileReference; lastKnownFileType = sourcecode.swift; path = MapAreaPopupView.swift; sourceTree = "<group>"; };
		079C3E6F2B979EA800DBEEAF /* ImageManager.swift */ = {isa = PBXFileReference; lastKnownFileType = sourcecode.swift; path = ImageManager.swift; sourceTree = "<group>"; };
		079C3E742B97A30200DBEEAF /* AddImageViewModel.swift */ = {isa = PBXFileReference; lastKnownFileType = sourcecode.swift; path = AddImageViewModel.swift; sourceTree = "<group>"; };
		07A093B82B883F0D00FC5511 /* DetailsView.swift */ = {isa = PBXFileReference; lastKnownFileType = sourcecode.swift; path = DetailsView.swift; sourceTree = "<group>"; };
		07BA50C12B97DAC1006F7CDA /* AddImageView.swift */ = {isa = PBXFileReference; lastKnownFileType = sourcecode.swift; path = AddImageView.swift; sourceTree = "<group>"; };
		07D3C3E92B9116FC00EEEE57 /* Launch Screen.storyboard */ = {isa = PBXFileReference; lastKnownFileType = file.storyboard; path = "Launch Screen.storyboard"; sourceTree = "<group>"; };
		07D3C3EB2B914EF300EEEE57 /* FilterViewModel.swift */ = {isa = PBXFileReference; lastKnownFileType = sourcecode.swift; path = FilterViewModel.swift; sourceTree = "<group>"; };
		07F7B4DD2B7EE69800D077A1 /* StudyBarn.app */ = {isa = PBXFileReference; explicitFileType = wrapper.application; includeInIndex = 0; path = StudyBarn.app; sourceTree = BUILT_PRODUCTS_DIR; };
		07F7B4E02B7EE69800D077A1 /* StudyBarnApp.swift */ = {isa = PBXFileReference; lastKnownFileType = sourcecode.swift; path = StudyBarnApp.swift; sourceTree = "<group>"; };
		07F7B4E22B7EE69800D077A1 /* ContentView.swift */ = {isa = PBXFileReference; lastKnownFileType = sourcecode.swift; path = ContentView.swift; sourceTree = "<group>"; };
		07F7B4E42B7EE69A00D077A1 /* Assets.xcassets */ = {isa = PBXFileReference; lastKnownFileType = folder.assetcatalog; path = Assets.xcassets; sourceTree = "<group>"; };
		07F7B4E72B7EE69A00D077A1 /* Preview Assets.xcassets */ = {isa = PBXFileReference; lastKnownFileType = folder.assetcatalog; path = "Preview Assets.xcassets"; sourceTree = "<group>"; };
		07F7B4EE2B7EE6B300D077A1 /* ExploreView.swift */ = {isa = PBXFileReference; lastKnownFileType = sourcecode.swift; path = ExploreView.swift; sourceTree = "<group>"; };
		07F7B4F22B7EE7E400D077A1 /* MapView.swift */ = {isa = PBXFileReference; lastKnownFileType = sourcecode.swift; path = MapView.swift; sourceTree = "<group>"; };
		07F7B4F82B7EE89B00D077A1 /* SelectView.swift */ = {isa = PBXFileReference; lastKnownFileType = sourcecode.swift; path = SelectView.swift; sourceTree = "<group>"; };
		07F7B4FC2B7FBCC200D077A1 /* LocationBoxView.swift */ = {isa = PBXFileReference; lastKnownFileType = sourcecode.swift; path = LocationBoxView.swift; sourceTree = "<group>"; };
		846231A82B919135003F25C2 /* ListingCarouselView.swift */ = {isa = PBXFileReference; lastKnownFileType = sourcecode.swift; path = ListingCarouselView.swift; sourceTree = "<group>"; };
		F1058D2B2B97F80B0067319B /* HeartButtonView.swift */ = {isa = PBXFileReference; fileEncoding = 4; lastKnownFileType = sourcecode.swift; path = HeartButtonView.swift; sourceTree = "<group>"; };
		F113CE6E2B965B3000638901 /* DetailsViewModel.swift */ = {isa = PBXFileReference; lastKnownFileType = sourcecode.swift; path = DetailsViewModel.swift; sourceTree = "<group>"; };
		F113CE742B9686BB00638901 /* SubAreaView.swift */ = {isa = PBXFileReference; lastKnownFileType = sourcecode.swift; path = SubAreaView.swift; sourceTree = "<group>"; };
		F1351ECD2B8EA2DC005864D1 /* UserModel.swift */ = {isa = PBXFileReference; lastKnownFileType = sourcecode.swift; path = UserModel.swift; sourceTree = "<group>"; };
		F1351ED22B8EA303005864D1 /* UserManager.swift */ = {isa = PBXFileReference; lastKnownFileType = sourcecode.swift; path = UserManager.swift; sourceTree = "<group>"; };
		F1351ED62B8EAA6E005864D1 /* UserViewModel.swift */ = {isa = PBXFileReference; lastKnownFileType = sourcecode.swift; path = UserViewModel.swift; sourceTree = "<group>"; };
		F1351EDC2B8EC9A8005864D1 /* ProfileView.swift */ = {isa = PBXFileReference; fileEncoding = 4; lastKnownFileType = sourcecode.swift; path = ProfileView.swift; sourceTree = "<group>"; };
		F13687742B8808D200A9A974 /* LoginView.swift */ = {isa = PBXFileReference; lastKnownFileType = sourcecode.swift; path = LoginView.swift; sourceTree = "<group>"; };
		F136878E2B88398200A9A974 /* LoginViewModel.swift */ = {isa = PBXFileReference; lastKnownFileType = sourcecode.swift; path = LoginViewModel.swift; sourceTree = "<group>"; };
		F13687912B8839FF00A9A974 /* AuthenticationManager.swift */ = {isa = PBXFileReference; lastKnownFileType = sourcecode.swift; path = AuthenticationManager.swift; sourceTree = "<group>"; };
		F13687B62B883B3D00A9A974 /* SignInGoogleHelper.swift */ = {isa = PBXFileReference; lastKnownFileType = sourcecode.swift; path = SignInGoogleHelper.swift; sourceTree = "<group>"; };
		F13687BE2B883B8300A9A974 /* Utilities.swift */ = {isa = PBXFileReference; lastKnownFileType = sourcecode.swift; path = Utilities.swift; sourceTree = "<group>"; };
		F13687C02B883CB600A9A974 /* RootView.swift */ = {isa = PBXFileReference; lastKnownFileType = sourcecode.swift; path = RootView.swift; sourceTree = "<group>"; };
		F169F4492B8FAB0800DCA7D5 /* AreaModel.swift */ = {isa = PBXFileReference; lastKnownFileType = sourcecode.swift; path = AreaModel.swift; sourceTree = "<group>"; };
		F169F44D2B8FAB2200DCA7D5 /* SubAreaModel.swift */ = {isa = PBXFileReference; lastKnownFileType = sourcecode.swift; path = SubAreaModel.swift; sourceTree = "<group>"; };
		F169F4512B8FB36000DCA7D5 /* AreaManager.swift */ = {isa = PBXFileReference; lastKnownFileType = sourcecode.swift; path = AreaManager.swift; sourceTree = "<group>"; };
		F169F4532B8FB36900DCA7D5 /* SubAreaManager.swift */ = {isa = PBXFileReference; lastKnownFileType = sourcecode.swift; path = SubAreaManager.swift; sourceTree = "<group>"; };
		F169F4572B8FF92200DCA7D5 /* AdminView.swift */ = {isa = PBXFileReference; lastKnownFileType = sourcecode.swift; path = AdminView.swift; sourceTree = "<group>"; };
		F169F45A2B8FFA0800DCA7D5 /* AddAreaView.swift */ = {isa = PBXFileReference; lastKnownFileType = sourcecode.swift; path = AddAreaView.swift; sourceTree = "<group>"; };
		F169F45C2B8FFCA800DCA7D5 /* AddSubAreaView.swift */ = {isa = PBXFileReference; lastKnownFileType = sourcecode.swift; path = AddSubAreaView.swift; sourceTree = "<group>"; };
		F169F45E2B8FFCE200DCA7D5 /* AddAreaViewModel.swift */ = {isa = PBXFileReference; lastKnownFileType = sourcecode.swift; path = AddAreaViewModel.swift; sourceTree = "<group>"; };
		F169F4602B8FFCED00DCA7D5 /* AddSubAreaViewModel.swift */ = {isa = PBXFileReference; lastKnownFileType = sourcecode.swift; path = AddSubAreaViewModel.swift; sourceTree = "<group>"; };
		F18758652B88428A004CC7FE /* GoogleService-Info.plist */ = {isa = PBXFileReference; fileEncoding = 4; lastKnownFileType = text.plist.xml; path = "GoogleService-Info.plist"; sourceTree = "<group>"; };
		F18758672B8842D5004CC7FE /* Info.plist */ = {isa = PBXFileReference; lastKnownFileType = text.plist; path = Info.plist; sourceTree = "<group>"; };
		F18758682B886083004CC7FE /* GoogleLoginButton.swift */ = {isa = PBXFileReference; fileEncoding = 4; lastKnownFileType = sourcecode.swift; name = GoogleLoginButton.swift; path = StudyBarn/Login/GoogleLoginButton.swift; sourceTree = SOURCE_ROOT; };
		F199DB682B9D1408007BA9DF /* FeatureListingView.swift */ = {isa = PBXFileReference; lastKnownFileType = sourcecode.swift; path = FeatureListingView.swift; sourceTree = "<group>"; };
		F1C49A482B919CB3008CC172 /* SearchBar.swift */ = {isa = PBXFileReference; fileEncoding = 4; lastKnownFileType = sourcecode.swift; path = SearchBar.swift; sourceTree = "<group>"; };
		F1C49A492B919CB3008CC172 /* SearchView.swift */ = {isa = PBXFileReference; fileEncoding = 4; lastKnownFileType = sourcecode.swift; path = SearchView.swift; sourceTree = "<group>"; };
		F1C49A4D2B91AB38008CC172 /* SelectViewModel.swift */ = {isa = PBXFileReference; lastKnownFileType = sourcecode.swift; path = SelectViewModel.swift; sourceTree = "<group>"; };
/* End PBXFileReference section */

/* Begin PBXFrameworksBuildPhase section */
		07F7B4DA2B7EE69800D077A1 /* Frameworks */ = {
			isa = PBXFrameworksBuildPhase;
			buildActionMask = 2147483647;
			files = (
				07904E262B9D1F24003B44AC /* FirebaseFirestoreSwift in Frameworks */,
				07904E202B9D1F24003B44AC /* FirebaseAnalyticsSwift in Frameworks */,
				07904E242B9D1F24003B44AC /* FirebaseFirestore in Frameworks */,
				07904E2D2B9D1F2F003B44AC /* GoogleSignInSwift in Frameworks */,
				07904E222B9D1F24003B44AC /* FirebaseAuth in Frameworks */,
				07904E1E2B9D1F24003B44AC /* FirebaseAnalytics in Frameworks */,
				07904E282B9D1F24003B44AC /* FirebaseStorage in Frameworks */,
				07904E2B2B9D1F2F003B44AC /* GoogleSignIn in Frameworks */,
			);
			runOnlyForDeploymentPostprocessing = 0;
		};
/* End PBXFrameworksBuildPhase section */

/* Begin PBXGroup section */
		079C3E712B979FEA00DBEEAF /* Frameworks */ = {
			isa = PBXGroup;
			children = (
			);
			name = Frameworks;
			sourceTree = "<group>";
		};
		07D3C3E82B8ED24700EEEE57 /* Search */ = {
			isa = PBXGroup;
			children = (
				F1C49A482B919CB3008CC172 /* SearchBar.swift */,
				F1C49A492B919CB3008CC172 /* SearchView.swift */,
				07D3C3EB2B914EF300EEEE57 /* FilterViewModel.swift */,
			);
			path = Search;
			sourceTree = "<group>";
		};
		07F7B4D42B7EE69800D077A1 = {
			isa = PBXGroup;
			children = (
				07F7B4DF2B7EE69800D077A1 /* StudyBarn */,
				07F7B4DE2B7EE69800D077A1 /* Products */,
				079C3E712B979FEA00DBEEAF /* Frameworks */,
			);
			sourceTree = "<group>";
		};
		07F7B4DE2B7EE69800D077A1 /* Products */ = {
			isa = PBXGroup;
			children = (
				07F7B4DD2B7EE69800D077A1 /* StudyBarn.app */,
			);
			name = Products;
			sourceTree = "<group>";
		};
		07F7B4DF2B7EE69800D077A1 /* StudyBarn */ = {
			isa = PBXGroup;
			children = (
				07F7B4E42B7EE69A00D077A1 /* Assets.xcassets */,
				F18758672B8842D5004CC7FE /* Info.plist */,
				F18758652B88428A004CC7FE /* GoogleService-Info.plist */,
				07F7B4E02B7EE69800D077A1 /* StudyBarnApp.swift */,
				07F7B4E22B7EE69800D077A1 /* ContentView.swift */,
				F1351EDC2B8EC9A8005864D1 /* ProfileView.swift */,
				F13687C02B883CB600A9A974 /* RootView.swift */,
				F169F4592B8FF97100DCA7D5 /* Admin */,
				F13687732B8808B100A9A974 /* Authentication */,
				846231A72B919122003F25C2 /* Components */,
				F1C49A4C2B91AB22008CC172 /* Explore */,
				F187586A2B886478004CC7FE /* Location */,
				F13687902B8839BC00A9A974 /* Login */,
				F10ABC4B2B9A905B00193DD7 /* Map */,
				07D3C3E82B8ED24700EEEE57 /* Search */,
				F10ABC4E2B9A90FE00193DD7 /* Select */,
				F1351ED12B8EA2E9005864D1 /* Managers */,
				F1351ECC2B8EA2C1005864D1 /* Models */,
				F13687BD2B883B6B00A9A974 /* Utilities */,
				07F7B4E62B7EE69A00D077A1 /* Preview Content */,
				07D3C3E92B9116FC00EEEE57 /* Launch Screen.storyboard */,
			);
			path = StudyBarn;
			sourceTree = "<group>";
		};
		07F7B4E62B7EE69A00D077A1 /* Preview Content */ = {
			isa = PBXGroup;
			children = (
				07F7B4E72B7EE69A00D077A1 /* Preview Assets.xcassets */,
			);
			path = "Preview Content";
			sourceTree = "<group>";
		};
		846231A72B919122003F25C2 /* Components */ = {
			isa = PBXGroup;
			children = (
				F1058D2B2B97F80B0067319B /* HeartButtonView.swift */,
				846231A82B919135003F25C2 /* ListingCarouselView.swift */,
				F199DB682B9D1408007BA9DF /* FeatureListingView.swift */,
			);
			path = Components;
			sourceTree = "<group>";
		};
		F10ABC4B2B9A905B00193DD7 /* Map */ = {
			isa = PBXGroup;
			children = (
				07F7B4F22B7EE7E400D077A1 /* MapView.swift */,
				07904E1A2B9CDF46003B44AC /* MapAreaPopupView.swift */,
			);
			path = Map;
			sourceTree = "<group>";
		};
		F10ABC4E2B9A90FE00193DD7 /* Select */ = {
			isa = PBXGroup;
			children = (
				07F7B4F82B7EE89B00D077A1 /* SelectView.swift */,
				F1C49A4D2B91AB38008CC172 /* SelectViewModel.swift */,
			);
			path = Select;
			sourceTree = "<group>";
		};
		F1351ECC2B8EA2C1005864D1 /* Models */ = {
			isa = PBXGroup;
			children = (
				F1351ECD2B8EA2DC005864D1 /* UserModel.swift */,
				F1351ED62B8EAA6E005864D1 /* UserViewModel.swift */,
				F169F4492B8FAB0800DCA7D5 /* AreaModel.swift */,
				F169F44D2B8FAB2200DCA7D5 /* SubAreaModel.swift */,
			);
			path = Models;
			sourceTree = "<group>";
		};
		F1351ED12B8EA2E9005864D1 /* Managers */ = {
			isa = PBXGroup;
			children = (
				F1351ED22B8EA303005864D1 /* UserManager.swift */,
				F169F4512B8FB36000DCA7D5 /* AreaManager.swift */,
				F169F4532B8FB36900DCA7D5 /* SubAreaManager.swift */,
				079C3E6F2B979EA800DBEEAF /* ImageManager.swift */,
			);
			path = Managers;
			sourceTree = "<group>";
		};
		F13687732B8808B100A9A974 /* Authentication */ = {
			isa = PBXGroup;
			children = (
				F13687912B8839FF00A9A974 /* AuthenticationManager.swift */,
				F13687B62B883B3D00A9A974 /* SignInGoogleHelper.swift */,
			);
			path = Authentication;
			sourceTree = "<group>";
		};
		F13687902B8839BC00A9A974 /* Login */ = {
			isa = PBXGroup;
			children = (
				F13687742B8808D200A9A974 /* LoginView.swift */,
				F18758682B886083004CC7FE /* GoogleLoginButton.swift */,
				F136878E2B88398200A9A974 /* LoginViewModel.swift */,
			);
			path = Login;
			sourceTree = "<group>";
		};
		F13687BD2B883B6B00A9A974 /* Utilities */ = {
			isa = PBXGroup;
			children = (
				F13687BE2B883B8300A9A974 /* Utilities.swift */,
			);
			path = Utilities;
			sourceTree = "<group>";
		};
		F169F4592B8FF97100DCA7D5 /* Admin */ = {
			isa = PBXGroup;
			children = (
				F169F4572B8FF92200DCA7D5 /* AdminView.swift */,
				079C3E742B97A30200DBEEAF /* AddImageViewModel.swift */,
				07BA50C12B97DAC1006F7CDA /* AddImageView.swift */,
				F169F45A2B8FFA0800DCA7D5 /* AddAreaView.swift */,
				F169F45E2B8FFCE200DCA7D5 /* AddAreaViewModel.swift */,
				F169F45C2B8FFCA800DCA7D5 /* AddSubAreaView.swift */,
				F169F4602B8FFCED00DCA7D5 /* AddSubAreaViewModel.swift */,
			);
			path = Admin;
			sourceTree = "<group>";
		};
		F187586A2B886478004CC7FE /* Location */ = {
			isa = PBXGroup;
			children = (
				07F7B4FC2B7FBCC200D077A1 /* LocationBoxView.swift */,
				07A093B82B883F0D00FC5511 /* DetailsView.swift */,
				F113CE6E2B965B3000638901 /* DetailsViewModel.swift */,
				F113CE742B9686BB00638901 /* SubAreaView.swift */,
			);
			path = Location;
			sourceTree = "<group>";
		};
		F1C49A4C2B91AB22008CC172 /* Explore */ = {
			isa = PBXGroup;
			children = (
				07F7B4EE2B7EE6B300D077A1 /* ExploreView.swift */,
			);
			path = Explore;
			sourceTree = "<group>";
		};
/* End PBXGroup section */

/* Begin PBXNativeTarget section */
		07F7B4DC2B7EE69800D077A1 /* StudyBarn */ = {
			isa = PBXNativeTarget;
			buildConfigurationList = 07F7B4EB2B7EE69A00D077A1 /* Build configuration list for PBXNativeTarget "StudyBarn" */;
			buildPhases = (
				07F7B4D92B7EE69800D077A1 /* Sources */,
				07F7B4DA2B7EE69800D077A1 /* Frameworks */,
				07F7B4DB2B7EE69800D077A1 /* Resources */,
			);
			buildRules = (
			);
			dependencies = (
			);
			name = StudyBarn;
			packageProductDependencies = (
				07904E1D2B9D1F24003B44AC /* FirebaseAnalytics */,
				07904E1F2B9D1F24003B44AC /* FirebaseAnalyticsSwift */,
				07904E212B9D1F24003B44AC /* FirebaseAuth */,
				07904E232B9D1F24003B44AC /* FirebaseFirestore */,
				07904E252B9D1F24003B44AC /* FirebaseFirestoreSwift */,
				07904E272B9D1F24003B44AC /* FirebaseStorage */,
				07904E2A2B9D1F2F003B44AC /* GoogleSignIn */,
				07904E2C2B9D1F2F003B44AC /* GoogleSignInSwift */,
			);
			productName = StudyBarn;
			productReference = 07F7B4DD2B7EE69800D077A1 /* StudyBarn.app */;
			productType = "com.apple.product-type.application";
		};
/* End PBXNativeTarget section */

/* Begin PBXProject section */
		07F7B4D52B7EE69800D077A1 /* Project object */ = {
			isa = PBXProject;
			attributes = {
				BuildIndependentTargetsInParallel = 1;
				LastSwiftUpdateCheck = 1520;
				LastUpgradeCheck = 1520;
				TargetAttributes = {
					07F7B4DC2B7EE69800D077A1 = {
						CreatedOnToolsVersion = 15.2;
					};
				};
			};
			buildConfigurationList = 07F7B4D82B7EE69800D077A1 /* Build configuration list for PBXProject "StudyBarn" */;
			compatibilityVersion = "Xcode 14.0";
			developmentRegion = en;
			hasScannedForEncodings = 0;
			knownRegions = (
				en,
				Base,
			);
			mainGroup = 07F7B4D42B7EE69800D077A1;
			packageReferences = (
				07904E1C2B9D1F24003B44AC /* XCRemoteSwiftPackageReference "firebase-ios-sdk" */,
				07904E292B9D1F2F003B44AC /* XCRemoteSwiftPackageReference "GoogleSignIn-iOS" */,
			);
			productRefGroup = 07F7B4DE2B7EE69800D077A1 /* Products */;
			projectDirPath = "";
			projectRoot = "";
			targets = (
				07F7B4DC2B7EE69800D077A1 /* StudyBarn */,
			);
		};
/* End PBXProject section */

/* Begin PBXResourcesBuildPhase section */
		07F7B4DB2B7EE69800D077A1 /* Resources */ = {
			isa = PBXResourcesBuildPhase;
			buildActionMask = 2147483647;
			files = (
				07F7B4E82B7EE69A00D077A1 /* Preview Assets.xcassets in Resources */,
				07F7B4E52B7EE69A00D077A1 /* Assets.xcassets in Resources */,
				07D3C3EA2B9116FC00EEEE57 /* Launch Screen.storyboard in Resources */,
				F18758662B88428A004CC7FE /* GoogleService-Info.plist in Resources */,
			);
			runOnlyForDeploymentPostprocessing = 0;
		};
/* End PBXResourcesBuildPhase section */

/* Begin PBXSourcesBuildPhase section */
		07F7B4D92B7EE69800D077A1 /* Sources */ = {
			isa = PBXSourcesBuildPhase;
			buildActionMask = 2147483647;
			files = (
				F1351ED72B8EAA6E005864D1 /* UserViewModel.swift in Sources */,
				07BA50C22B97DAC1006F7CDA /* AddImageView.swift in Sources */,
				F169F4542B8FB36900DCA7D5 /* SubAreaManager.swift in Sources */,
				07F7B4FD2B7FBCC200D077A1 /* LocationBoxView.swift in Sources */,
				07F7B4E32B7EE69800D077A1 /* ContentView.swift in Sources */,
				07904E1B2B9CDF46003B44AC /* MapAreaPopupView.swift in Sources */,
				F13687BF2B883B8300A9A974 /* Utilities.swift in Sources */,
				F136878F2B88398200A9A974 /* LoginViewModel.swift in Sources */,
				F18758692B886083004CC7FE /* GoogleLoginButton.swift in Sources */,
				F169F44A2B8FAB0800DCA7D5 /* AreaModel.swift in Sources */,
				07F7B4F32B7EE7E400D077A1 /* MapView.swift in Sources */,
				07A093B92B883F0D00FC5511 /* DetailsView.swift in Sources */,
				F199DB692B9D1408007BA9DF /* FeatureListingView.swift in Sources */,
				F1C49A4B2B919CB3008CC172 /* SearchView.swift in Sources */,
				F169F4522B8FB36000DCA7D5 /* AreaManager.swift in Sources */,
				079C3E752B97A30200DBEEAF /* AddImageViewModel.swift in Sources */,
				07F7B4EF2B7EE6B400D077A1 /* ExploreView.swift in Sources */,
				F13687B72B883B3D00A9A974 /* SignInGoogleHelper.swift in Sources */,
				F169F45D2B8FFCA800DCA7D5 /* AddSubAreaView.swift in Sources */,
				F13687922B8839FF00A9A974 /* AuthenticationManager.swift in Sources */,
				F1351EDD2B8EC9A8005864D1 /* ProfileView.swift in Sources */,
				079C3E702B979EA800DBEEAF /* ImageManager.swift in Sources */,
				07F7B4F92B7EE89B00D077A1 /* SelectView.swift in Sources */,
				F13687752B8808D200A9A974 /* LoginView.swift in Sources */,
				F1C49A4A2B919CB3008CC172 /* SearchBar.swift in Sources */,
				07D3C3EC2B914EF300EEEE57 /* FilterViewModel.swift in Sources */,
				F169F45F2B8FFCE200DCA7D5 /* AddAreaViewModel.swift in Sources */,
				F169F44E2B8FAB2200DCA7D5 /* SubAreaModel.swift in Sources */,
				F169F4612B8FFCED00DCA7D5 /* AddSubAreaViewModel.swift in Sources */,
				F1058D2C2B97F80B0067319B /* HeartButtonView.swift in Sources */,
				F169F4582B8FF92200DCA7D5 /* AdminView.swift in Sources */,
				07F7B4E12B7EE69800D077A1 /* StudyBarnApp.swift in Sources */,
				F169F45B2B8FFA0800DCA7D5 /* AddAreaView.swift in Sources */,
				F1351ECE2B8EA2DC005864D1 /* UserModel.swift in Sources */,
				F1C49A4E2B91AB38008CC172 /* SelectViewModel.swift in Sources */,
				F113CE752B9686BB00638901 /* SubAreaView.swift in Sources */,
				F113CE6F2B965B3000638901 /* DetailsViewModel.swift in Sources */,
				F1351ED32B8EA303005864D1 /* UserManager.swift in Sources */,
				F13687C12B883CB600A9A974 /* RootView.swift in Sources */,
				846231A92B919135003F25C2 /* ListingCarouselView.swift in Sources */,
			);
			runOnlyForDeploymentPostprocessing = 0;
		};
/* End PBXSourcesBuildPhase section */

/* Begin XCBuildConfiguration section */
		07F7B4E92B7EE69A00D077A1 /* Debug */ = {
			isa = XCBuildConfiguration;
			buildSettings = {
				ALWAYS_SEARCH_USER_PATHS = NO;
				ASSETCATALOG_COMPILER_GENERATE_SWIFT_ASSET_SYMBOL_EXTENSIONS = YES;
				CLANG_ANALYZER_NONNULL = YES;
				CLANG_ANALYZER_NUMBER_OBJECT_CONVERSION = YES_AGGRESSIVE;
				CLANG_CXX_LANGUAGE_STANDARD = "gnu++20";
				CLANG_ENABLE_MODULES = YES;
				CLANG_ENABLE_OBJC_ARC = YES;
				CLANG_ENABLE_OBJC_WEAK = YES;
				CLANG_WARN_BLOCK_CAPTURE_AUTORELEASING = YES;
				CLANG_WARN_BOOL_CONVERSION = YES;
				CLANG_WARN_COMMA = YES;
				CLANG_WARN_CONSTANT_CONVERSION = YES;
				CLANG_WARN_DEPRECATED_OBJC_IMPLEMENTATIONS = YES;
				CLANG_WARN_DIRECT_OBJC_ISA_USAGE = YES_ERROR;
				CLANG_WARN_DOCUMENTATION_COMMENTS = YES;
				CLANG_WARN_EMPTY_BODY = YES;
				CLANG_WARN_ENUM_CONVERSION = YES;
				CLANG_WARN_INFINITE_RECURSION = YES;
				CLANG_WARN_INT_CONVERSION = YES;
				CLANG_WARN_NON_LITERAL_NULL_CONVERSION = YES;
				CLANG_WARN_OBJC_IMPLICIT_RETAIN_SELF = YES;
				CLANG_WARN_OBJC_LITERAL_CONVERSION = YES;
				CLANG_WARN_OBJC_ROOT_CLASS = YES_ERROR;
				CLANG_WARN_QUOTED_INCLUDE_IN_FRAMEWORK_HEADER = YES;
				CLANG_WARN_RANGE_LOOP_ANALYSIS = YES;
				CLANG_WARN_STRICT_PROTOTYPES = YES;
				CLANG_WARN_SUSPICIOUS_MOVE = YES;
				CLANG_WARN_UNGUARDED_AVAILABILITY = YES_AGGRESSIVE;
				CLANG_WARN_UNREACHABLE_CODE = YES;
				CLANG_WARN__DUPLICATE_METHOD_MATCH = YES;
				COPY_PHASE_STRIP = NO;
				DEBUG_INFORMATION_FORMAT = dwarf;
				ENABLE_STRICT_OBJC_MSGSEND = YES;
				ENABLE_TESTABILITY = YES;
				ENABLE_USER_SCRIPT_SANDBOXING = YES;
				GCC_C_LANGUAGE_STANDARD = gnu17;
				GCC_DYNAMIC_NO_PIC = NO;
				GCC_NO_COMMON_BLOCKS = YES;
				GCC_OPTIMIZATION_LEVEL = 0;
				GCC_PREPROCESSOR_DEFINITIONS = (
					"DEBUG=1",
					"$(inherited)",
				);
				GCC_WARN_64_TO_32_BIT_CONVERSION = YES;
				GCC_WARN_ABOUT_RETURN_TYPE = YES_ERROR;
				GCC_WARN_UNDECLARED_SELECTOR = YES;
				GCC_WARN_UNINITIALIZED_AUTOS = YES_AGGRESSIVE;
				GCC_WARN_UNUSED_FUNCTION = YES;
				GCC_WARN_UNUSED_VARIABLE = YES;
				IPHONEOS_DEPLOYMENT_TARGET = 17.2;
				LOCALIZATION_PREFERS_STRING_CATALOGS = YES;
				MTL_ENABLE_DEBUG_INFO = INCLUDE_SOURCE;
				MTL_FAST_MATH = YES;
				ONLY_ACTIVE_ARCH = YES;
				SDKROOT = iphoneos;
				SWIFT_ACTIVE_COMPILATION_CONDITIONS = "DEBUG $(inherited)";
				SWIFT_OPTIMIZATION_LEVEL = "-Onone";
			};
			name = Debug;
		};
		07F7B4EA2B7EE69A00D077A1 /* Release */ = {
			isa = XCBuildConfiguration;
			buildSettings = {
				ALWAYS_SEARCH_USER_PATHS = NO;
				ASSETCATALOG_COMPILER_GENERATE_SWIFT_ASSET_SYMBOL_EXTENSIONS = YES;
				CLANG_ANALYZER_NONNULL = YES;
				CLANG_ANALYZER_NUMBER_OBJECT_CONVERSION = YES_AGGRESSIVE;
				CLANG_CXX_LANGUAGE_STANDARD = "gnu++20";
				CLANG_ENABLE_MODULES = YES;
				CLANG_ENABLE_OBJC_ARC = YES;
				CLANG_ENABLE_OBJC_WEAK = YES;
				CLANG_WARN_BLOCK_CAPTURE_AUTORELEASING = YES;
				CLANG_WARN_BOOL_CONVERSION = YES;
				CLANG_WARN_COMMA = YES;
				CLANG_WARN_CONSTANT_CONVERSION = YES;
				CLANG_WARN_DEPRECATED_OBJC_IMPLEMENTATIONS = YES;
				CLANG_WARN_DIRECT_OBJC_ISA_USAGE = YES_ERROR;
				CLANG_WARN_DOCUMENTATION_COMMENTS = YES;
				CLANG_WARN_EMPTY_BODY = YES;
				CLANG_WARN_ENUM_CONVERSION = YES;
				CLANG_WARN_INFINITE_RECURSION = YES;
				CLANG_WARN_INT_CONVERSION = YES;
				CLANG_WARN_NON_LITERAL_NULL_CONVERSION = YES;
				CLANG_WARN_OBJC_IMPLICIT_RETAIN_SELF = YES;
				CLANG_WARN_OBJC_LITERAL_CONVERSION = YES;
				CLANG_WARN_OBJC_ROOT_CLASS = YES_ERROR;
				CLANG_WARN_QUOTED_INCLUDE_IN_FRAMEWORK_HEADER = YES;
				CLANG_WARN_RANGE_LOOP_ANALYSIS = YES;
				CLANG_WARN_STRICT_PROTOTYPES = YES;
				CLANG_WARN_SUSPICIOUS_MOVE = YES;
				CLANG_WARN_UNGUARDED_AVAILABILITY = YES_AGGRESSIVE;
				CLANG_WARN_UNREACHABLE_CODE = YES;
				CLANG_WARN__DUPLICATE_METHOD_MATCH = YES;
				COPY_PHASE_STRIP = NO;
				DEBUG_INFORMATION_FORMAT = "dwarf-with-dsym";
				ENABLE_NS_ASSERTIONS = NO;
				ENABLE_STRICT_OBJC_MSGSEND = YES;
				ENABLE_USER_SCRIPT_SANDBOXING = YES;
				GCC_C_LANGUAGE_STANDARD = gnu17;
				GCC_NO_COMMON_BLOCKS = YES;
				GCC_WARN_64_TO_32_BIT_CONVERSION = YES;
				GCC_WARN_ABOUT_RETURN_TYPE = YES_ERROR;
				GCC_WARN_UNDECLARED_SELECTOR = YES;
				GCC_WARN_UNINITIALIZED_AUTOS = YES_AGGRESSIVE;
				GCC_WARN_UNUSED_FUNCTION = YES;
				GCC_WARN_UNUSED_VARIABLE = YES;
				IPHONEOS_DEPLOYMENT_TARGET = 17.2;
				LOCALIZATION_PREFERS_STRING_CATALOGS = YES;
				MTL_ENABLE_DEBUG_INFO = NO;
				MTL_FAST_MATH = YES;
				SDKROOT = iphoneos;
				SWIFT_COMPILATION_MODE = wholemodule;
				VALIDATE_PRODUCT = YES;
			};
			name = Release;
		};
		07F7B4EC2B7EE69A00D077A1 /* Debug */ = {
			isa = XCBuildConfiguration;
			buildSettings = {
				ASSETCATALOG_COMPILER_APPICON_NAME = AppIcon;
				ASSETCATALOG_COMPILER_GLOBAL_ACCENT_COLOR_NAME = AccentColor;
				ASSETCATALOG_COMPILER_INCLUDE_ALL_APPICON_ASSETS = NO;
				CODE_SIGN_STYLE = Automatic;
				CURRENT_PROJECT_VERSION = 1;
				DEVELOPMENT_ASSET_PATHS = "\"StudyBarn/Preview Content\"";
				DEVELOPMENT_TEAM = 8G83856X33;
				ENABLE_PREVIEWS = YES;
				GENERATE_INFOPLIST_FILE = YES;
				INFOPLIST_FILE = StudyBarn/Info.plist;
				INFOPLIST_KEY_UIApplicationSceneManifest_Generation = YES;
				INFOPLIST_KEY_UIApplicationSupportsIndirectInputEvents = YES;
				INFOPLIST_KEY_UILaunchScreen_Generation = YES;
				INFOPLIST_KEY_UILaunchStoryboardName = "Launch Screen.storyboard";
				INFOPLIST_KEY_UISupportedInterfaceOrientations_iPad = "UIInterfaceOrientationPortrait UIInterfaceOrientationPortraitUpsideDown UIInterfaceOrientationLandscapeLeft UIInterfaceOrientationLandscapeRight";
				INFOPLIST_KEY_UISupportedInterfaceOrientations_iPhone = "UIInterfaceOrientationPortrait UIInterfaceOrientationLandscapeLeft UIInterfaceOrientationLandscapeRight";
				LD_RUNPATH_SEARCH_PATHS = (
					"$(inherited)",
					"@executable_path/Frameworks",
				);
				MARKETING_VERSION = 1.0;
				PRODUCT_BUNDLE_IDENTIFIER = jin.ucdavis.cs.ecs189e.StudyBarn;
				PRODUCT_NAME = "$(TARGET_NAME)";
				SWIFT_EMIT_LOC_STRINGS = YES;
				SWIFT_VERSION = 5.0;
				TARGETED_DEVICE_FAMILY = "1,2";
			};
			name = Debug;
		};
		07F7B4ED2B7EE69A00D077A1 /* Release */ = {
			isa = XCBuildConfiguration;
			buildSettings = {
				ASSETCATALOG_COMPILER_APPICON_NAME = AppIcon;
				ASSETCATALOG_COMPILER_GLOBAL_ACCENT_COLOR_NAME = AccentColor;
				ASSETCATALOG_COMPILER_INCLUDE_ALL_APPICON_ASSETS = NO;
				CODE_SIGN_STYLE = Automatic;
				CURRENT_PROJECT_VERSION = 1;
				DEVELOPMENT_ASSET_PATHS = "\"StudyBarn/Preview Content\"";
				DEVELOPMENT_TEAM = 8G83856X33;
				ENABLE_PREVIEWS = YES;
				GENERATE_INFOPLIST_FILE = YES;
				INFOPLIST_FILE = StudyBarn/Info.plist;
				INFOPLIST_KEY_UIApplicationSceneManifest_Generation = YES;
				INFOPLIST_KEY_UIApplicationSupportsIndirectInputEvents = YES;
				INFOPLIST_KEY_UILaunchScreen_Generation = YES;
				INFOPLIST_KEY_UILaunchStoryboardName = "Launch Screen.storyboard";
				INFOPLIST_KEY_UISupportedInterfaceOrientations_iPad = "UIInterfaceOrientationPortrait UIInterfaceOrientationPortraitUpsideDown UIInterfaceOrientationLandscapeLeft UIInterfaceOrientationLandscapeRight";
				INFOPLIST_KEY_UISupportedInterfaceOrientations_iPhone = "UIInterfaceOrientationPortrait UIInterfaceOrientationLandscapeLeft UIInterfaceOrientationLandscapeRight";
				LD_RUNPATH_SEARCH_PATHS = (
					"$(inherited)",
					"@executable_path/Frameworks",
				);
				MARKETING_VERSION = 1.0;
				PRODUCT_BUNDLE_IDENTIFIER = jin.ucdavis.cs.ecs189e.StudyBarn;
				PRODUCT_NAME = "$(TARGET_NAME)";
				SWIFT_EMIT_LOC_STRINGS = YES;
				SWIFT_VERSION = 5.0;
				TARGETED_DEVICE_FAMILY = "1,2";
			};
			name = Release;
		};
/* End XCBuildConfiguration section */

/* Begin XCConfigurationList section */
		07F7B4D82B7EE69800D077A1 /* Build configuration list for PBXProject "StudyBarn" */ = {
			isa = XCConfigurationList;
			buildConfigurations = (
				07F7B4E92B7EE69A00D077A1 /* Debug */,
				07F7B4EA2B7EE69A00D077A1 /* Release */,
			);
			defaultConfigurationIsVisible = 0;
			defaultConfigurationName = Release;
		};
		07F7B4EB2B7EE69A00D077A1 /* Build configuration list for PBXNativeTarget "StudyBarn" */ = {
			isa = XCConfigurationList;
			buildConfigurations = (
				07F7B4EC2B7EE69A00D077A1 /* Debug */,
				07F7B4ED2B7EE69A00D077A1 /* Release */,
			);
			defaultConfigurationIsVisible = 0;
			defaultConfigurationName = Release;
		};
/* End XCConfigurationList section */

/* Begin XCRemoteSwiftPackageReference section */
		07904E1C2B9D1F24003B44AC /* XCRemoteSwiftPackageReference "firebase-ios-sdk" */ = {
			isa = XCRemoteSwiftPackageReference;
			repositoryURL = "https://github.com/firebase/firebase-ios-sdk";
			requirement = {
				kind = upToNextMajorVersion;
				minimumVersion = 10.22.1;
			};
		};
		07904E292B9D1F2F003B44AC /* XCRemoteSwiftPackageReference "GoogleSignIn-iOS" */ = {
			isa = XCRemoteSwiftPackageReference;
			repositoryURL = "https://github.com/google/GoogleSignIn-iOS";
			requirement = {
				kind = upToNextMajorVersion;
				minimumVersion = 7.0.0;
			};
		};
/* End XCRemoteSwiftPackageReference section */

/* Begin XCSwiftPackageProductDependency section */
		07904E1D2B9D1F24003B44AC /* FirebaseAnalytics */ = {
			isa = XCSwiftPackageProductDependency;
			package = 07904E1C2B9D1F24003B44AC /* XCRemoteSwiftPackageReference "firebase-ios-sdk" */;
			productName = FirebaseAnalytics;
		};
		07904E1F2B9D1F24003B44AC /* FirebaseAnalyticsSwift */ = {
			isa = XCSwiftPackageProductDependency;
			package = 07904E1C2B9D1F24003B44AC /* XCRemoteSwiftPackageReference "firebase-ios-sdk" */;
			productName = FirebaseAnalyticsSwift;
		};
		07904E212B9D1F24003B44AC /* FirebaseAuth */ = {
			isa = XCSwiftPackageProductDependency;
			package = 07904E1C2B9D1F24003B44AC /* XCRemoteSwiftPackageReference "firebase-ios-sdk" */;
			productName = FirebaseAuth;
		};
		07904E232B9D1F24003B44AC /* FirebaseFirestore */ = {
			isa = XCSwiftPackageProductDependency;
			package = 07904E1C2B9D1F24003B44AC /* XCRemoteSwiftPackageReference "firebase-ios-sdk" */;
			productName = FirebaseFirestore;
		};
		07904E252B9D1F24003B44AC /* FirebaseFirestoreSwift */ = {
			isa = XCSwiftPackageProductDependency;
			package = 07904E1C2B9D1F24003B44AC /* XCRemoteSwiftPackageReference "firebase-ios-sdk" */;
			productName = FirebaseFirestoreSwift;
		};
		07904E272B9D1F24003B44AC /* FirebaseStorage */ = {
			isa = XCSwiftPackageProductDependency;
			package = 07904E1C2B9D1F24003B44AC /* XCRemoteSwiftPackageReference "firebase-ios-sdk" */;
			productName = FirebaseStorage;
		};
		07904E2A2B9D1F2F003B44AC /* GoogleSignIn */ = {
			isa = XCSwiftPackageProductDependency;
			package = 07904E292B9D1F2F003B44AC /* XCRemoteSwiftPackageReference "GoogleSignIn-iOS" */;
			productName = GoogleSignIn;
		};
		07904E2C2B9D1F2F003B44AC /* GoogleSignInSwift */ = {
			isa = XCSwiftPackageProductDependency;
			package = 07904E292B9D1F2F003B44AC /* XCRemoteSwiftPackageReference "GoogleSignIn-iOS" */;
			productName = GoogleSignInSwift;
		};
/* End XCSwiftPackageProductDependency section */
	};
	rootObject = 07F7B4D52B7EE69800D077A1 /* Project object */;
}
