// !$*UTF8*$!
{
	archiveVersion = 1;
	classes = {
	};
	objectVersion = 56;
	objects = {

/* Begin PBXBuildFile section */
		07F7B4E12B7EE69800D077A1 /* StudyBarnApp.swift in Sources */ = {isa = PBXBuildFile; fileRef = 07F7B4E02B7EE69800D077A1 /* StudyBarnApp.swift */; };
		07F7B4E32B7EE69800D077A1 /* ContentView.swift in Sources */ = {isa = PBXBuildFile; fileRef = 07F7B4E22B7EE69800D077A1 /* ContentView.swift */; };
		07F7B4E52B7EE69A00D077A1 /* Assets.xcassets in Resources */ = {isa = PBXBuildFile; fileRef = 07F7B4E42B7EE69A00D077A1 /* Assets.xcassets */; };
		07F7B4E82B7EE69A00D077A1 /* Preview Assets.xcassets in Resources */ = {isa = PBXBuildFile; fileRef = 07F7B4E72B7EE69A00D077A1 /* Preview Assets.xcassets */; };
		07F7B4EF2B7EE6B400D077A1 /* ExploreView.swift in Sources */ = {isa = PBXBuildFile; fileRef = 07F7B4EE2B7EE6B300D077A1 /* ExploreView.swift */; };
		07F7B4F12B7EE6CD00D077A1 /* FavoriteView.swift in Sources */ = {isa = PBXBuildFile; fileRef = 07F7B4F02B7EE6CD00D077A1 /* FavoriteView.swift */; };
		07F7B4F32B7EE7E400D077A1 /* MapView.swift in Sources */ = {isa = PBXBuildFile; fileRef = 07F7B4F22B7EE7E400D077A1 /* MapView.swift */; };
		07F7B4F52B7EE82E00D077A1 /* SettingsView.swift in Sources */ = {isa = PBXBuildFile; fileRef = 07F7B4F42B7EE82E00D077A1 /* SettingsView.swift */; };
		07F7B4F72B7EE86D00D077A1 /* GoogleLoginButton.swift in Sources */ = {isa = PBXBuildFile; fileRef = 07F7B4F62B7EE86D00D077A1 /* GoogleLoginButton.swift */; };
		07F7B4F92B7EE89B00D077A1 /* SelectView.swift in Sources */ = {isa = PBXBuildFile; fileRef = 07F7B4F82B7EE89B00D077A1 /* SelectView.swift */; };
		F1CA84DE2B7F1A2400520AC1 /* DataModel.swift in Sources */ = {isa = PBXBuildFile; fileRef = F1CA84DD2B7F1A2400520AC1 /* DataModel.swift */; };
/* End PBXBuildFile section */

/* Begin PBXFileReference section */
		07F7B4DD2B7EE69800D077A1 /* StudyBarn.app */ = {isa = PBXFileReference; explicitFileType = wrapper.application; includeInIndex = 0; path = StudyBarn.app; sourceTree = BUILT_PRODUCTS_DIR; };
		07F7B4E02B7EE69800D077A1 /* StudyBarnApp.swift */ = {isa = PBXFileReference; lastKnownFileType = sourcecode.swift; path = StudyBarnApp.swift; sourceTree = "<group>"; };
		07F7B4E22B7EE69800D077A1 /* ContentView.swift */ = {isa = PBXFileReference; lastKnownFileType = sourcecode.swift; path = ContentView.swift; sourceTree = "<group>"; };
		07F7B4E42B7EE69A00D077A1 /* Assets.xcassets */ = {isa = PBXFileReference; lastKnownFileType = folder.assetcatalog; path = Assets.xcassets; sourceTree = "<group>"; };
		07F7B4E72B7EE69A00D077A1 /* Preview Assets.xcassets */ = {isa = PBXFileReference; lastKnownFileType = folder.assetcatalog; path = "Preview Assets.xcassets"; sourceTree = "<group>"; };
		07F7B4EE2B7EE6B300D077A1 /* ExploreView.swift */ = {isa = PBXFileReference; lastKnownFileType = sourcecode.swift; path = ExploreView.swift; sourceTree = "<group>"; };
		07F7B4F02B7EE6CD00D077A1 /* FavoriteView.swift */ = {isa = PBXFileReference; lastKnownFileType = sourcecode.swift; path = FavoriteView.swift; sourceTree = "<group>"; };
		07F7B4F22B7EE7E400D077A1 /* MapView.swift */ = {isa = PBXFileReference; lastKnownFileType = sourcecode.swift; path = MapView.swift; sourceTree = "<group>"; };
		07F7B4F42B7EE82E00D077A1 /* SettingsView.swift */ = {isa = PBXFileReference; lastKnownFileType = sourcecode.swift; path = SettingsView.swift; sourceTree = "<group>"; };
		07F7B4F62B7EE86D00D077A1 /* GoogleLoginButton.swift */ = {isa = PBXFileReference; lastKnownFileType = sourcecode.swift; path = GoogleLoginButton.swift; sourceTree = "<group>"; };
		07F7B4F82B7EE89B00D077A1 /* SelectView.swift */ = {isa = PBXFileReference; lastKnownFileType = sourcecode.swift; path = SelectView.swift; sourceTree = "<group>"; };
		F1CA84DD2B7F1A2400520AC1 /* DataModel.swift */ = {isa = PBXFileReference; lastKnownFileType = sourcecode.swift; path = DataModel.swift; sourceTree = "<group>"; };
/* End PBXFileReference section */

/* Begin PBXFrameworksBuildPhase section */
		07F7B4DA2B7EE69800D077A1 /* Frameworks */ = {
			isa = PBXFrameworksBuildPhase;
			buildActionMask = 2147483647;
			files = (
			);
			runOnlyForDeploymentPostprocessing = 0;
		};
/* End PBXFrameworksBuildPhase section */

/* Begin PBXGroup section */
		07F7B4D42B7EE69800D077A1 = {
			isa = PBXGroup;
			children = (
				07F7B4DF2B7EE69800D077A1 /* StudyBarn */,
				07F7B4DE2B7EE69800D077A1 /* Products */,
			);
			sourceTree = "<group>";
		};
		07F7B4DE2B7EE69800D077A1 /* Products */ = {
			isa = PBXGroup;
			children = (
				07F7B4DD2B7EE69800D077A1 /* StudyBarn.app */,
			);
			name = Products;
			sourceTree = "<group>";
		};
		07F7B4DF2B7EE69800D077A1 /* StudyBarn */ = {
			isa = PBXGroup;
			children = (
				07F7B4E02B7EE69800D077A1 /* StudyBarnApp.swift */,
				07F7B4E22B7EE69800D077A1 /* ContentView.swift */,
				07F7B4E42B7EE69A00D077A1 /* Assets.xcassets */,
				07F7B4E62B7EE69A00D077A1 /* Preview Content */,
				07F7B4EE2B7EE6B300D077A1 /* ExploreView.swift */,
				07F7B4F02B7EE6CD00D077A1 /* FavoriteView.swift */,
				07F7B4F22B7EE7E400D077A1 /* MapView.swift */,
				07F7B4F82B7EE89B00D077A1 /* SelectView.swift */,
				07F7B4F42B7EE82E00D077A1 /* SettingsView.swift */,
				07F7B4F62B7EE86D00D077A1 /* GoogleLoginButton.swift */,
				F1CA84DD2B7F1A2400520AC1 /* DataModel.swift */,
			);
			path = StudyBarn;
			sourceTree = "<group>";
		};
		07F7B4E62B7EE69A00D077A1 /* Preview Content */ = {
			isa = PBXGroup;
			children = (
				07F7B4E72B7EE69A00D077A1 /* Preview Assets.xcassets */,
			);
			path = "Preview Content";
			sourceTree = "<group>";
		};
/* End PBXGroup section */

/* Begin PBXNativeTarget section */
		07F7B4DC2B7EE69800D077A1 /* StudyBarn */ = {
			isa = PBXNativeTarget;
			buildConfigurationList = 07F7B4EB2B7EE69A00D077A1 /* Build configuration list for PBXNativeTarget "StudyBarn" */;
			buildPhases = (
				07F7B4D92B7EE69800D077A1 /* Sources */,
				07F7B4DA2B7EE69800D077A1 /* Frameworks */,
				07F7B4DB2B7EE69800D077A1 /* Resources */,
			);
			buildRules = (
			);
			dependencies = (
			);
			name = StudyBarn;
			productName = StudyBarn;
			productReference = 07F7B4DD2B7EE69800D077A1 /* StudyBarn.app */;
			productType = "com.apple.product-type.application";
		};
/* End PBXNativeTarget section */

/* Begin PBXProject section */
		07F7B4D52B7EE69800D077A1 /* Project object */ = {
			isa = PBXProject;
			attributes = {
				BuildIndependentTargetsInParallel = 1;
				LastSwiftUpdateCheck = 1520;
				LastUpgradeCheck = 1520;
				TargetAttributes = {
					07F7B4DC2B7EE69800D077A1 = {
						CreatedOnToolsVersion = 15.2;
					};
				};
			};
			buildConfigurationList = 07F7B4D82B7EE69800D077A1 /* Build configuration list for PBXProject "StudyBarn" */;
			compatibilityVersion = "Xcode 14.0";
			developmentRegion = en;
			hasScannedForEncodings = 0;
			knownRegions = (
				en,
				Base,
			);
			mainGroup = 07F7B4D42B7EE69800D077A1;
			productRefGroup = 07F7B4DE2B7EE69800D077A1 /* Products */;
			projectDirPath = "";
			projectRoot = "";
			targets = (
				07F7B4DC2B7EE69800D077A1 /* StudyBarn */,
			);
		};
/* End PBXProject section */

/* Begin PBXResourcesBuildPhase section */
		07F7B4DB2B7EE69800D077A1 /* Resources */ = {
			isa = PBXResourcesBuildPhase;
			buildActionMask = 2147483647;
			files = (
				07F7B4E82B7EE69A00D077A1 /* Preview Assets.xcassets in Resources */,
				07F7B4E52B7EE69A00D077A1 /* Assets.xcassets in Resources */,
			);
			runOnlyForDeploymentPostprocessing = 0;
		};
/* End PBXResourcesBuildPhase section */

/* Begin PBXSourcesBuildPhase section */
		07F7B4D92B7EE69800D077A1 /* Sources */ = {
			isa = PBXSourcesBuildPhase;
			buildActionMask = 2147483647;
			files = (
				07F7B4F12B7EE6CD00D077A1 /* FavoriteView.swift in Sources */,
				07F7B4E32B7EE69800D077A1 /* ContentView.swift in Sources */,
				07F7B4F32B7EE7E400D077A1 /* MapView.swift in Sources */,
				07F7B4F52B7EE82E00D077A1 /* SettingsView.swift in Sources */,
				F1CA84DE2B7F1A2400520AC1 /* DataModel.swift in Sources */,
				07F7B4EF2B7EE6B400D077A1 /* ExploreView.swift in Sources */,
				07F7B4F72B7EE86D00D077A1 /* GoogleLoginButton.swift in Sources */,
				07F7B4F92B7EE89B00D077A1 /* SelectView.swift in Sources */,
				07F7B4E12B7EE69800D077A1 /* StudyBarnApp.swift in Sources */,
			);
			runOnlyForDeploymentPostprocessing = 0;
		};
/* End PBXSourcesBuildPhase section */

/* Begin XCBuildConfiguration section */
		07F7B4E92B7EE69A00D077A1 /* Debug */ = {
			isa = XCBuildConfiguration;
			buildSettings = {
				ALWAYS_SEARCH_USER_PATHS = NO;
				ASSETCATALOG_COMPILER_GENERATE_SWIFT_ASSET_SYMBOL_EXTENSIONS = YES;
				CLANG_ANALYZER_NONNULL = YES;
				CLANG_ANALYZER_NUMBER_OBJECT_CONVERSION = YES_AGGRESSIVE;
				CLANG_CXX_LANGUAGE_STANDARD = "gnu++20";
				CLANG_ENABLE_MODULES = YES;
				CLANG_ENABLE_OBJC_ARC = YES;
				CLANG_ENABLE_OBJC_WEAK = YES;
				CLANG_WARN_BLOCK_CAPTURE_AUTORELEASING = YES;
				CLANG_WARN_BOOL_CONVERSION = YES;
				CLANG_WARN_COMMA = YES;
				CLANG_WARN_CONSTANT_CONVERSION = YES;
				CLANG_WARN_DEPRECATED_OBJC_IMPLEMENTATIONS = YES;
				CLANG_WARN_DIRECT_OBJC_ISA_USAGE = YES_ERROR;
				CLANG_WARN_DOCUMENTATION_COMMENTS = YES;
				CLANG_WARN_EMPTY_BODY = YES;
				CLANG_WARN_ENUM_CONVERSION = YES;
				CLANG_WARN_INFINITE_RECURSION = YES;
				CLANG_WARN_INT_CONVERSION = YES;
				CLANG_WARN_NON_LITERAL_NULL_CONVERSION = YES;
				CLANG_WARN_OBJC_IMPLICIT_RETAIN_SELF = YES;
				CLANG_WARN_OBJC_LITERAL_CONVERSION = YES;
				CLANG_WARN_OBJC_ROOT_CLASS = YES_ERROR;
				CLANG_WARN_QUOTED_INCLUDE_IN_FRAMEWORK_HEADER = YES;
				CLANG_WARN_RANGE_LOOP_ANALYSIS = YES;
				CLANG_WARN_STRICT_PROTOTYPES = YES;
				CLANG_WARN_SUSPICIOUS_MOVE = YES;
				CLANG_WARN_UNGUARDED_AVAILABILITY = YES_AGGRESSIVE;
				CLANG_WARN_UNREACHABLE_CODE = YES;
				CLANG_WARN__DUPLICATE_METHOD_MATCH = YES;
				COPY_PHASE_STRIP = NO;
				DEBUG_INFORMATION_FORMAT = dwarf;
				ENABLE_STRICT_OBJC_MSGSEND = YES;
				ENABLE_TESTABILITY = YES;
				ENABLE_USER_SCRIPT_SANDBOXING = YES;
				GCC_C_LANGUAGE_STANDARD = gnu17;
				GCC_DYNAMIC_NO_PIC = NO;
				GCC_NO_COMMON_BLOCKS = YES;
				GCC_OPTIMIZATION_LEVEL = 0;
				GCC_PREPROCESSOR_DEFINITIONS = (
					"DEBUG=1",
					"$(inherited)",
				);
				GCC_WARN_64_TO_32_BIT_CONVERSION = YES;
				GCC_WARN_ABOUT_RETURN_TYPE = YES_ERROR;
				GCC_WARN_UNDECLARED_SELECTOR = YES;
				GCC_WARN_UNINITIALIZED_AUTOS = YES_AGGRESSIVE;
				GCC_WARN_UNUSED_FUNCTION = YES;
				GCC_WARN_UNUSED_VARIABLE = YES;
				IPHONEOS_DEPLOYMENT_TARGET = 17.2;
				LOCALIZATION_PREFERS_STRING_CATALOGS = YES;
				MTL_ENABLE_DEBUG_INFO = INCLUDE_SOURCE;
				MTL_FAST_MATH = YES;
				ONLY_ACTIVE_ARCH = YES;
				SDKROOT = iphoneos;
				SWIFT_ACTIVE_COMPILATION_CONDITIONS = "DEBUG $(inherited)";
				SWIFT_OPTIMIZATION_LEVEL = "-Onone";
			};
			name = Debug;
		};
		07F7B4EA2B7EE69A00D077A1 /* Release */ = {
			isa = XCBuildConfiguration;
			buildSettings = {
				ALWAYS_SEARCH_USER_PATHS = NO;
				ASSETCATALOG_COMPILER_GENERATE_SWIFT_ASSET_SYMBOL_EXTENSIONS = YES;
				CLANG_ANALYZER_NONNULL = YES;
				CLANG_ANALYZER_NUMBER_OBJECT_CONVERSION = YES_AGGRESSIVE;
				CLANG_CXX_LANGUAGE_STANDARD = "gnu++20";
				CLANG_ENABLE_MODULES = YES;
				CLANG_ENABLE_OBJC_ARC = YES;
				CLANG_ENABLE_OBJC_WEAK = YES;
				CLANG_WARN_BLOCK_CAPTURE_AUTORELEASING = YES;
				CLANG_WARN_BOOL_CONVERSION = YES;
				CLANG_WARN_COMMA = YES;
				CLANG_WARN_CONSTANT_CONVERSION = YES;
				CLANG_WARN_DEPRECATED_OBJC_IMPLEMENTATIONS = YES;
				CLANG_WARN_DIRECT_OBJC_ISA_USAGE = YES_ERROR;
				CLANG_WARN_DOCUMENTATION_COMMENTS = YES;
				CLANG_WARN_EMPTY_BODY = YES;
				CLANG_WARN_ENUM_CONVERSION = YES;
				CLANG_WARN_INFINITE_RECURSION = YES;
				CLANG_WARN_INT_CONVERSION = YES;
				CLANG_WARN_NON_LITERAL_NULL_CONVERSION = YES;
				CLANG_WARN_OBJC_IMPLICIT_RETAIN_SELF = YES;
				CLANG_WARN_OBJC_LITERAL_CONVERSION = YES;
				CLANG_WARN_OBJC_ROOT_CLASS = YES_ERROR;
				CLANG_WARN_QUOTED_INCLUDE_IN_FRAMEWORK_HEADER = YES;
				CLANG_WARN_RANGE_LOOP_ANALYSIS = YES;
				CLANG_WARN_STRICT_PROTOTYPES = YES;
				CLANG_WARN_SUSPICIOUS_MOVE = YES;
				CLANG_WARN_UNGUARDED_AVAILABILITY = YES_AGGRESSIVE;
				CLANG_WARN_UNREACHABLE_CODE = YES;
				CLANG_WARN__DUPLICATE_METHOD_MATCH = YES;
				COPY_PHASE_STRIP = NO;
				DEBUG_INFORMATION_FORMAT = "dwarf-with-dsym";
				ENABLE_NS_ASSERTIONS = NO;
				ENABLE_STRICT_OBJC_MSGSEND = YES;
				ENABLE_USER_SCRIPT_SANDBOXING = YES;
				GCC_C_LANGUAGE_STANDARD = gnu17;
				GCC_NO_COMMON_BLOCKS = YES;
				GCC_WARN_64_TO_32_BIT_CONVERSION = YES;
				GCC_WARN_ABOUT_RETURN_TYPE = YES_ERROR;
				GCC_WARN_UNDECLARED_SELECTOR = YES;
				GCC_WARN_UNINITIALIZED_AUTOS = YES_AGGRESSIVE;
				GCC_WARN_UNUSED_FUNCTION = YES;
				GCC_WARN_UNUSED_VARIABLE = YES;
				IPHONEOS_DEPLOYMENT_TARGET = 17.2;
				LOCALIZATION_PREFERS_STRING_CATALOGS = YES;
				MTL_ENABLE_DEBUG_INFO = NO;
				MTL_FAST_MATH = YES;
				SDKROOT = iphoneos;
				SWIFT_COMPILATION_MODE = wholemodule;
				VALIDATE_PRODUCT = YES;
			};
			name = Release;
		};
		07F7B4EC2B7EE69A00D077A1 /* Debug */ = {
			isa = XCBuildConfiguration;
			buildSettings = {
				ASSETCATALOG_COMPILER_APPICON_NAME = AppIcon;
				ASSETCATALOG_COMPILER_GLOBAL_ACCENT_COLOR_NAME = AccentColor;
				CODE_SIGN_STYLE = Automatic;
				CURRENT_PROJECT_VERSION = 1;
				DEVELOPMENT_ASSET_PATHS = "\"StudyBarn/Preview Content\"";
				ENABLE_PREVIEWS = YES;
				GENERATE_INFOPLIST_FILE = YES;
				INFOPLIST_KEY_UIApplicationSceneManifest_Generation = YES;
				INFOPLIST_KEY_UIApplicationSupportsIndirectInputEvents = YES;
				INFOPLIST_KEY_UILaunchScreen_Generation = YES;
				INFOPLIST_KEY_UISupportedInterfaceOrientations_iPad = "UIInterfaceOrientationPortrait UIInterfaceOrientationPortraitUpsideDown UIInterfaceOrientationLandscapeLeft UIInterfaceOrientationLandscapeRight";
				INFOPLIST_KEY_UISupportedInterfaceOrientations_iPhone = "UIInterfaceOrientationPortrait UIInterfaceOrientationLandscapeLeft UIInterfaceOrientationLandscapeRight";
				LD_RUNPATH_SEARCH_PATHS = (
					"$(inherited)",
					"@executable_path/Frameworks",
				);
				MARKETING_VERSION = 1.0;
				PRODUCT_BUNDLE_IDENTIFIER = ucdavis.cs.ecs189e.StudyBarn;
				PRODUCT_NAME = "$(TARGET_NAME)";
				SWIFT_EMIT_LOC_STRINGS = YES;
				SWIFT_VERSION = 5.0;
				TARGETED_DEVICE_FAMILY = "1,2";
			};
			name = Debug;
		};
		07F7B4ED2B7EE69A00D077A1 /* Release */ = {
			isa = XCBuildConfiguration;
			buildSettings = {
				ASSETCATALOG_COMPILER_APPICON_NAME = AppIcon;
				ASSETCATALOG_COMPILER_GLOBAL_ACCENT_COLOR_NAME = AccentColor;
				CODE_SIGN_STYLE = Automatic;
				CURRENT_PROJECT_VERSION = 1;
				DEVELOPMENT_ASSET_PATHS = "\"StudyBarn/Preview Content\"";
				ENABLE_PREVIEWS = YES;
				GENERATE_INFOPLIST_FILE = YES;
				INFOPLIST_KEY_UIApplicationSceneManifest_Generation = YES;
				INFOPLIST_KEY_UIApplicationSupportsIndirectInputEvents = YES;
				INFOPLIST_KEY_UILaunchScreen_Generation = YES;
				INFOPLIST_KEY_UISupportedInterfaceOrientations_iPad = "UIInterfaceOrientationPortrait UIInterfaceOrientationPortraitUpsideDown UIInterfaceOrientationLandscapeLeft UIInterfaceOrientationLandscapeRight";
				INFOPLIST_KEY_UISupportedInterfaceOrientations_iPhone = "UIInterfaceOrientationPortrait UIInterfaceOrientationLandscapeLeft UIInterfaceOrientationLandscapeRight";
				LD_RUNPATH_SEARCH_PATHS = (
					"$(inherited)",
					"@executable_path/Frameworks",
				);
				MARKETING_VERSION = 1.0;
				PRODUCT_BUNDLE_IDENTIFIER = ucdavis.cs.ecs189e.StudyBarn;
				PRODUCT_NAME = "$(TARGET_NAME)";
				SWIFT_EMIT_LOC_STRINGS = YES;
				SWIFT_VERSION = 5.0;
				TARGETED_DEVICE_FAMILY = "1,2";
			};
			name = Release;
		};
/* End XCBuildConfiguration section */

/* Begin XCConfigurationList section */
		07F7B4D82B7EE69800D077A1 /* Build configuration list for PBXProject "StudyBarn" */ = {
			isa = XCConfigurationList;
			buildConfigurations = (
				07F7B4E92B7EE69A00D077A1 /* Debug */,
				07F7B4EA2B7EE69A00D077A1 /* Release */,
			);
			defaultConfigurationIsVisible = 0;
			defaultConfigurationName = Release;
		};
		07F7B4EB2B7EE69A00D077A1 /* Build configuration list for PBXNativeTarget "StudyBarn" */ = {
			isa = XCConfigurationList;
			buildConfigurations = (
				07F7B4EC2B7EE69A00D077A1 /* Debug */,
				07F7B4ED2B7EE69A00D077A1 /* Release */,
			);
			defaultConfigurationIsVisible = 0;
			defaultConfigurationName = Release;
		};
/* End XCConfigurationList section */
	};
	rootObject = 07F7B4D52B7EE69800D077A1 /* Project object */;
}
