// !$*UTF8*$!
{
	archiveVersion = 1;
	classes = {
	};
	objectVersion = 56;
	objects = {

/* Begin PBXBuildFile section */
		07A093B92B883F0D00FC5511 /* DetailsView.swift in Sources */ = {isa = PBXBuildFile; fileRef = 07A093B82B883F0D00FC5511 /* DetailsView.swift */; };
		07D3C3E32B8C4D3E00EEEE57 /* SearchView.swift in Sources */ = {isa = PBXBuildFile; fileRef = 07D3C3E22B8C4D3E00EEEE57 /* SearchView.swift */; };
		07D3C3E52B8CEBF200EEEE57 /* SearchBar.swift in Sources */ = {isa = PBXBuildFile; fileRef = 07D3C3E42B8CEBF200EEEE57 /* SearchBar.swift */; };
		07F7B4E12B7EE69800D077A1 /* StudyBarnApp.swift in Sources */ = {isa = PBXBuildFile; fileRef = 07F7B4E02B7EE69800D077A1 /* StudyBarnApp.swift */; };
		07F7B4E32B7EE69800D077A1 /* ContentView.swift in Sources */ = {isa = PBXBuildFile; fileRef = 07F7B4E22B7EE69800D077A1 /* ContentView.swift */; };
		07F7B4E52B7EE69A00D077A1 /* Assets.xcassets in Resources */ = {isa = PBXBuildFile; fileRef = 07F7B4E42B7EE69A00D077A1 /* Assets.xcassets */; };
		07F7B4E82B7EE69A00D077A1 /* Preview Assets.xcassets in Resources */ = {isa = PBXBuildFile; fileRef = 07F7B4E72B7EE69A00D077A1 /* Preview Assets.xcassets */; };
		07F7B4EF2B7EE6B400D077A1 /* ExploreView.swift in Sources */ = {isa = PBXBuildFile; fileRef = 07F7B4EE2B7EE6B300D077A1 /* ExploreView.swift */; };
		07F7B4F12B7EE6CD00D077A1 /* FavoriteView.swift in Sources */ = {isa = PBXBuildFile; fileRef = 07F7B4F02B7EE6CD00D077A1 /* FavoriteView.swift */; };
		07F7B4F32B7EE7E400D077A1 /* MapView.swift in Sources */ = {isa = PBXBuildFile; fileRef = 07F7B4F22B7EE7E400D077A1 /* MapView.swift */; };
		07F7B4F52B7EE82E00D077A1 /* SettingsView.swift in Sources */ = {isa = PBXBuildFile; fileRef = 07F7B4F42B7EE82E00D077A1 /* SettingsView.swift */; };
		07F7B4F92B7EE89B00D077A1 /* SelectView.swift in Sources */ = {isa = PBXBuildFile; fileRef = 07F7B4F82B7EE89B00D077A1 /* SelectView.swift */; };
		07F7B4FD2B7FBCC200D077A1 /* LocationBoxView.swift in Sources */ = {isa = PBXBuildFile; fileRef = 07F7B4FC2B7FBCC200D077A1 /* LocationBoxView.swift */; };
		F13687752B8808D200A9A974 /* LoginView.swift in Sources */ = {isa = PBXBuildFile; fileRef = F13687742B8808D200A9A974 /* LoginView.swift */; };
		F136878F2B88398200A9A974 /* LoginViewModel.swift in Sources */ = {isa = PBXBuildFile; fileRef = F136878E2B88398200A9A974 /* LoginViewModel.swift */; };
		F13687922B8839FF00A9A974 /* AuthenticationManager.swift in Sources */ = {isa = PBXBuildFile; fileRef = F13687912B8839FF00A9A974 /* AuthenticationManager.swift */; };
		F13687952B883A6E00A9A974 /* FirebaseAnalytics in Frameworks */ = {isa = PBXBuildFile; productRef = F13687942B883A6E00A9A974 /* FirebaseAnalytics */; };
		F13687992B883A6E00A9A974 /* FirebaseAnalyticsSwift in Frameworks */ = {isa = PBXBuildFile; productRef = F13687982B883A6E00A9A974 /* FirebaseAnalyticsSwift */; };
		F13687A12B883A6E00A9A974 /* FirebaseAuth in Frameworks */ = {isa = PBXBuildFile; productRef = F13687A02B883A6E00A9A974 /* FirebaseAuth */; };
		F13687AD2B883A6E00A9A974 /* FirebaseFirestore in Frameworks */ = {isa = PBXBuildFile; productRef = F13687AC2B883A6E00A9A974 /* FirebaseFirestore */; };
		F13687B12B883A6E00A9A974 /* FirebaseFirestoreSwift in Frameworks */ = {isa = PBXBuildFile; productRef = F13687B02B883A6E00A9A974 /* FirebaseFirestoreSwift */; };
		F13687B72B883B3D00A9A974 /* SignInGoogleHelper.swift in Sources */ = {isa = PBXBuildFile; fileRef = F13687B62B883B3D00A9A974 /* SignInGoogleHelper.swift */; };
		F13687BA2B883B5200A9A974 /* GoogleSignIn in Frameworks */ = {isa = PBXBuildFile; productRef = F13687B92B883B5200A9A974 /* GoogleSignIn */; };
		F13687BC2B883B5200A9A974 /* GoogleSignInSwift in Frameworks */ = {isa = PBXBuildFile; productRef = F13687BB2B883B5200A9A974 /* GoogleSignInSwift */; };
		F13687BF2B883B8300A9A974 /* Utilities.swift in Sources */ = {isa = PBXBuildFile; fileRef = F13687BE2B883B8300A9A974 /* Utilities.swift */; };
		F13687C12B883CB600A9A974 /* RootView.swift in Sources */ = {isa = PBXBuildFile; fileRef = F13687C02B883CB600A9A974 /* RootView.swift */; };
		F18758662B88428A004CC7FE /* GoogleService-Info.plist in Resources */ = {isa = PBXBuildFile; fileRef = F18758652B88428A004CC7FE /* GoogleService-Info.plist */; };
		F18758692B886083004CC7FE /* GoogleLoginButton.swift in Sources */ = {isa = PBXBuildFile; fileRef = F18758682B886083004CC7FE /* GoogleLoginButton.swift */; };
		F1CA84DE2B7F1A2400520AC1 /* DataModel.swift in Sources */ = {isa = PBXBuildFile; fileRef = F1CA84DD2B7F1A2400520AC1 /* DataModel.swift */; };
/* End PBXBuildFile section */

/* Begin PBXFileReference section */
		07A093B82B883F0D00FC5511 /* DetailsView.swift */ = {isa = PBXFileReference; lastKnownFileType = sourcecode.swift; path = DetailsView.swift; sourceTree = "<group>"; };
		07D3C3E22B8C4D3E00EEEE57 /* SearchView.swift */ = {isa = PBXFileReference; lastKnownFileType = sourcecode.swift; path = SearchView.swift; sourceTree = "<group>"; };
		07D3C3E42B8CEBF200EEEE57 /* SearchBar.swift */ = {isa = PBXFileReference; lastKnownFileType = sourcecode.swift; path = SearchBar.swift; sourceTree = "<group>"; };
		07F7B4DD2B7EE69800D077A1 /* StudyBarn.app */ = {isa = PBXFileReference; explicitFileType = wrapper.application; includeInIndex = 0; path = StudyBarn.app; sourceTree = BUILT_PRODUCTS_DIR; };
		07F7B4E02B7EE69800D077A1 /* StudyBarnApp.swift */ = {isa = PBXFileReference; lastKnownFileType = sourcecode.swift; path = StudyBarnApp.swift; sourceTree = "<group>"; };
		07F7B4E22B7EE69800D077A1 /* ContentView.swift */ = {isa = PBXFileReference; lastKnownFileType = sourcecode.swift; path = ContentView.swift; sourceTree = "<group>"; };
		07F7B4E42B7EE69A00D077A1 /* Assets.xcassets */ = {isa = PBXFileReference; lastKnownFileType = folder.assetcatalog; path = Assets.xcassets; sourceTree = "<group>"; };
		07F7B4E72B7EE69A00D077A1 /* Preview Assets.xcassets */ = {isa = PBXFileReference; lastKnownFileType = folder.assetcatalog; path = "Preview Assets.xcassets"; sourceTree = "<group>"; };
		07F7B4EE2B7EE6B300D077A1 /* ExploreView.swift */ = {isa = PBXFileReference; lastKnownFileType = sourcecode.swift; path = ExploreView.swift; sourceTree = "<group>"; };
		07F7B4F02B7EE6CD00D077A1 /* FavoriteView.swift */ = {isa = PBXFileReference; lastKnownFileType = sourcecode.swift; path = FavoriteView.swift; sourceTree = "<group>"; };
		07F7B4F22B7EE7E400D077A1 /* MapView.swift */ = {isa = PBXFileReference; lastKnownFileType = sourcecode.swift; path = MapView.swift; sourceTree = "<group>"; };
		07F7B4F42B7EE82E00D077A1 /* SettingsView.swift */ = {isa = PBXFileReference; lastKnownFileType = sourcecode.swift; path = SettingsView.swift; sourceTree = "<group>"; };
		07F7B4F82B7EE89B00D077A1 /* SelectView.swift */ = {isa = PBXFileReference; lastKnownFileType = sourcecode.swift; path = SelectView.swift; sourceTree = "<group>"; };
		07F7B4FC2B7FBCC200D077A1 /* LocationBoxView.swift */ = {isa = PBXFileReference; lastKnownFileType = sourcecode.swift; path = LocationBoxView.swift; sourceTree = "<group>"; };
		F13687742B8808D200A9A974 /* LoginView.swift */ = {isa = PBXFileReference; lastKnownFileType = sourcecode.swift; path = LoginView.swift; sourceTree = "<group>"; };
		F136878E2B88398200A9A974 /* LoginViewModel.swift */ = {isa = PBXFileReference; lastKnownFileType = sourcecode.swift; path = LoginViewModel.swift; sourceTree = "<group>"; };
		F13687912B8839FF00A9A974 /* AuthenticationManager.swift */ = {isa = PBXFileReference; lastKnownFileType = sourcecode.swift; path = AuthenticationManager.swift; sourceTree = "<group>"; };
		F13687B62B883B3D00A9A974 /* SignInGoogleHelper.swift */ = {isa = PBXFileReference; lastKnownFileType = sourcecode.swift; path = SignInGoogleHelper.swift; sourceTree = "<group>"; };
		F13687BE2B883B8300A9A974 /* Utilities.swift */ = {isa = PBXFileReference; lastKnownFileType = sourcecode.swift; path = Utilities.swift; sourceTree = "<group>"; };
		F13687C02B883CB600A9A974 /* RootView.swift */ = {isa = PBXFileReference; lastKnownFileType = sourcecode.swift; path = RootView.swift; sourceTree = "<group>"; };
		F18758652B88428A004CC7FE /* GoogleService-Info.plist */ = {isa = PBXFileReference; fileEncoding = 4; lastKnownFileType = text.plist.xml; path = "GoogleService-Info.plist"; sourceTree = "<group>"; };
		F18758672B8842D5004CC7FE /* Info.plist */ = {isa = PBXFileReference; lastKnownFileType = text.plist; path = Info.plist; sourceTree = "<group>"; };
		F18758682B886083004CC7FE /* GoogleLoginButton.swift */ = {isa = PBXFileReference; fileEncoding = 4; lastKnownFileType = sourcecode.swift; name = GoogleLoginButton.swift; path = StudyBarn/Login/GoogleLoginButton.swift; sourceTree = SOURCE_ROOT; };
		F1CA84DD2B7F1A2400520AC1 /* DataModel.swift */ = {isa = PBXFileReference; lastKnownFileType = sourcecode.swift; path = DataModel.swift; sourceTree = "<group>"; };
/* End PBXFileReference section */

/* Begin PBXFrameworksBuildPhase section */
		07F7B4DA2B7EE69800D077A1 /* Frameworks */ = {
			isa = PBXFrameworksBuildPhase;
			buildActionMask = 2147483647;
			files = (
				F13687AD2B883A6E00A9A974 /* FirebaseFirestore in Frameworks */,
				F13687992B883A6E00A9A974 /* FirebaseAnalyticsSwift in Frameworks */,
				F13687BC2B883B5200A9A974 /* GoogleSignInSwift in Frameworks */,
				F13687952B883A6E00A9A974 /* FirebaseAnalytics in Frameworks */,
				F13687B12B883A6E00A9A974 /* FirebaseFirestoreSwift in Frameworks */,
				F13687A12B883A6E00A9A974 /* FirebaseAuth in Frameworks */,
				F13687BA2B883B5200A9A974 /* GoogleSignIn in Frameworks */,
			);
			runOnlyForDeploymentPostprocessing = 0;
		};
/* End PBXFrameworksBuildPhase section */

/* Begin PBXGroup section */
		07F7B4D42B7EE69800D077A1 = {
			isa = PBXGroup;
			children = (
				07F7B4DF2B7EE69800D077A1 /* StudyBarn */,
				07F7B4DE2B7EE69800D077A1 /* Products */,
			);
			sourceTree = "<group>";
		};
		07F7B4DE2B7EE69800D077A1 /* Products */ = {
			isa = PBXGroup;
			children = (
				07F7B4DD2B7EE69800D077A1 /* StudyBarn.app */,
			);
			name = Products;
			sourceTree = "<group>";
		};
		07F7B4DF2B7EE69800D077A1 /* StudyBarn */ = {
			isa = PBXGroup;
			children = (
				F18758672B8842D5004CC7FE /* Info.plist */,
				F18758652B88428A004CC7FE /* GoogleService-Info.plist */,
				07F7B4E02B7EE69800D077A1 /* StudyBarnApp.swift */,
				07F7B4E22B7EE69800D077A1 /* ContentView.swift */,
				07F7B4E42B7EE69A00D077A1 /* Assets.xcassets */,
				07F7B4E62B7EE69A00D077A1 /* Preview Content */,
				07F7B4EE2B7EE6B300D077A1 /* ExploreView.swift */,
				F13687C02B883CB600A9A974 /* RootView.swift */,
				07F7B4F02B7EE6CD00D077A1 /* FavoriteView.swift */,
				07D3C3E42B8CEBF200EEEE57 /* SearchBar.swift */,
				07D3C3E22B8C4D3E00EEEE57 /* SearchView.swift */,
				07F7B4F22B7EE7E400D077A1 /* MapView.swift */,
				07F7B4F82B7EE89B00D077A1 /* SelectView.swift */,
				F187586A2B886478004CC7FE /* Location */,
				07F7B4F42B7EE82E00D077A1 /* SettingsView.swift */,
				F13687902B8839BC00A9A974 /* Login */,
				F13687732B8808B100A9A974 /* Authentication */,
				F13687BD2B883B6B00A9A974 /* Utilities */,
				F1CA84DD2B7F1A2400520AC1 /* DataModel.swift */,
			);
			path = StudyBarn;
			sourceTree = "<group>";
		};
		07F7B4E62B7EE69A00D077A1 /* Preview Content */ = {
			isa = PBXGroup;
			children = (
				07F7B4E72B7EE69A00D077A1 /* Preview Assets.xcassets */,
			);
			path = "Preview Content";
			sourceTree = "<group>";
		};
		F13687732B8808B100A9A974 /* Authentication */ = {
			isa = PBXGroup;
			children = (
				F13687912B8839FF00A9A974 /* AuthenticationManager.swift */,
				F18758682B886083004CC7FE /* GoogleLoginButton.swift */,
				F13687B62B883B3D00A9A974 /* SignInGoogleHelper.swift */,
			);
			path = Authentication;
			sourceTree = "<group>";
		};
		F13687902B8839BC00A9A974 /* Login */ = {
			isa = PBXGroup;
			children = (
				F13687742B8808D200A9A974 /* LoginView.swift */,
				F136878E2B88398200A9A974 /* LoginViewModel.swift */,
			);
			path = Login;
			sourceTree = "<group>";
		};
		F13687BD2B883B6B00A9A974 /* Utilities */ = {
			isa = PBXGroup;
			children = (
				F13687BE2B883B8300A9A974 /* Utilities.swift */,
			);
			path = Utilities;
			sourceTree = "<group>";
		};
		F187586A2B886478004CC7FE /* Location */ = {
			isa = PBXGroup;
			children = (
				07F7B4FC2B7FBCC200D077A1 /* LocationBoxView.swift */,
				07A093B82B883F0D00FC5511 /* DetailsView.swift */,
			);
			path = Location;
			sourceTree = "<group>";
		};
/* End PBXGroup section */

/* Begin PBXNativeTarget section */
		07F7B4DC2B7EE69800D077A1 /* StudyBarn */ = {
			isa = PBXNativeTarget;
			buildConfigurationList = 07F7B4EB2B7EE69A00D077A1 /* Build configuration list for PBXNativeTarget "StudyBarn" */;
			buildPhases = (
				07F7B4D92B7EE69800D077A1 /* Sources */,
				07F7B4DA2B7EE69800D077A1 /* Frameworks */,
				07F7B4DB2B7EE69800D077A1 /* Resources */,
			);
			buildRules = (
			);
			dependencies = (
			);
			name = StudyBarn;
			packageProductDependencies = (
				F13687942B883A6E00A9A974 /* FirebaseAnalytics */,
				F13687982B883A6E00A9A974 /* FirebaseAnalyticsSwift */,
				F13687A02B883A6E00A9A974 /* FirebaseAuth */,
				F13687AC2B883A6E00A9A974 /* FirebaseFirestore */,
				F13687B02B883A6E00A9A974 /* FirebaseFirestoreSwift */,
				F13687B92B883B5200A9A974 /* GoogleSignIn */,
				F13687BB2B883B5200A9A974 /* GoogleSignInSwift */,
			);
			productName = StudyBarn;
			productReference = 07F7B4DD2B7EE69800D077A1 /* StudyBarn.app */;
			productType = "com.apple.product-type.application";
		};
/* End PBXNativeTarget section */

/* Begin PBXProject section */
		07F7B4D52B7EE69800D077A1 /* Project object */ = {
			isa = PBXProject;
			attributes = {
				BuildIndependentTargetsInParallel = 1;
				LastSwiftUpdateCheck = 1520;
				LastUpgradeCheck = 1520;
				TargetAttributes = {
					07F7B4DC2B7EE69800D077A1 = {
						CreatedOnToolsVersion = 15.2;
					};
				};
			};
			buildConfigurationList = 07F7B4D82B7EE69800D077A1 /* Build configuration list for PBXProject "StudyBarn" */;
			compatibilityVersion = "Xcode 14.0";
			developmentRegion = en;
			hasScannedForEncodings = 0;
			knownRegions = (
				en,
				Base,
			);
			mainGroup = 07F7B4D42B7EE69800D077A1;
			packageReferences = (
				F13687932B883A6E00A9A974 /* XCRemoteSwiftPackageReference "firebase-ios-sdk" */,
				F13687B82B883B5200A9A974 /* XCRemoteSwiftPackageReference "GoogleSignIn-iOS" */,
			);
			productRefGroup = 07F7B4DE2B7EE69800D077A1 /* Products */;
			projectDirPath = "";
			projectRoot = "";
			targets = (
				07F7B4DC2B7EE69800D077A1 /* StudyBarn */,
			);
		};
/* End PBXProject section */

/* Begin PBXResourcesBuildPhase section */
		07F7B4DB2B7EE69800D077A1 /* Resources */ = {
			isa = PBXResourcesBuildPhase;
			buildActionMask = 2147483647;
			files = (
				07F7B4E82B7EE69A00D077A1 /* Preview Assets.xcassets in Resources */,
				07F7B4E52B7EE69A00D077A1 /* Assets.xcassets in Resources */,
				F18758662B88428A004CC7FE /* GoogleService-Info.plist in Resources */,
			);
			runOnlyForDeploymentPostprocessing = 0;
		};
/* End PBXResourcesBuildPhase section */

/* Begin PBXSourcesBuildPhase section */
		07F7B4D92B7EE69800D077A1 /* Sources */ = {
			isa = PBXSourcesBuildPhase;
			buildActionMask = 2147483647;
			files = (
				07F7B4F12B7EE6CD00D077A1 /* FavoriteView.swift in Sources */,
				07F7B4FD2B7FBCC200D077A1 /* LocationBoxView.swift in Sources */,
				07F7B4E32B7EE69800D077A1 /* ContentView.swift in Sources */,
				F13687BF2B883B8300A9A974 /* Utilities.swift in Sources */,
				F136878F2B88398200A9A974 /* LoginViewModel.swift in Sources */,
				F18758692B886083004CC7FE /* GoogleLoginButton.swift in Sources */,
				07F7B4F32B7EE7E400D077A1 /* MapView.swift in Sources */,
				07F7B4F52B7EE82E00D077A1 /* SettingsView.swift in Sources */,
				F1CA84DE2B7F1A2400520AC1 /* DataModel.swift in Sources */,
				07A093B92B883F0D00FC5511 /* DetailsView.swift in Sources */,
				07F7B4EF2B7EE6B400D077A1 /* ExploreView.swift in Sources */,
				F13687B72B883B3D00A9A974 /* SignInGoogleHelper.swift in Sources */,
				F13687922B8839FF00A9A974 /* AuthenticationManager.swift in Sources */,
				07F7B4F92B7EE89B00D077A1 /* SelectView.swift in Sources */,
				F13687752B8808D200A9A974 /* LoginView.swift in Sources */,
				07D3C3E52B8CEBF200EEEE57 /* SearchBar.swift in Sources */,
				07F7B4E12B7EE69800D077A1 /* StudyBarnApp.swift in Sources */,
				F13687C12B883CB600A9A974 /* RootView.swift in Sources */,
				07D3C3E32B8C4D3E00EEEE57 /* SearchView.swift in Sources */,
			);
			runOnlyForDeploymentPostprocessing = 0;
		};
/* End PBXSourcesBuildPhase section */

/* Begin XCBuildConfiguration section */
		07F7B4E92B7EE69A00D077A1 /* Debug */ = {
			isa = XCBuildConfiguration;
			buildSettings = {
				ALWAYS_SEARCH_USER_PATHS = NO;
				ASSETCATALOG_COMPILER_GENERATE_SWIFT_ASSET_SYMBOL_EXTENSIONS = YES;
				CLANG_ANALYZER_NONNULL = YES;
				CLANG_ANALYZER_NUMBER_OBJECT_CONVERSION = YES_AGGRESSIVE;
				CLANG_CXX_LANGUAGE_STANDARD = "gnu++20";
				CLANG_ENABLE_MODULES = YES;
				CLANG_ENABLE_OBJC_ARC = YES;
				CLANG_ENABLE_OBJC_WEAK = YES;
				CLANG_WARN_BLOCK_CAPTURE_AUTORELEASING = YES;
				CLANG_WARN_BOOL_CONVERSION = YES;
				CLANG_WARN_COMMA = YES;
				CLANG_WARN_CONSTANT_CONVERSION = YES;
				CLANG_WARN_DEPRECATED_OBJC_IMPLEMENTATIONS = YES;
				CLANG_WARN_DIRECT_OBJC_ISA_USAGE = YES_ERROR;
				CLANG_WARN_DOCUMENTATION_COMMENTS = YES;
				CLANG_WARN_EMPTY_BODY = YES;
				CLANG_WARN_ENUM_CONVERSION = YES;
				CLANG_WARN_INFINITE_RECURSION = YES;
				CLANG_WARN_INT_CONVERSION = YES;
				CLANG_WARN_NON_LITERAL_NULL_CONVERSION = YES;
				CLANG_WARN_OBJC_IMPLICIT_RETAIN_SELF = YES;
				CLANG_WARN_OBJC_LITERAL_CONVERSION = YES;
				CLANG_WARN_OBJC_ROOT_CLASS = YES_ERROR;
				CLANG_WARN_QUOTED_INCLUDE_IN_FRAMEWORK_HEADER = YES;
				CLANG_WARN_RANGE_LOOP_ANALYSIS = YES;
				CLANG_WARN_STRICT_PROTOTYPES = YES;
				CLANG_WARN_SUSPICIOUS_MOVE = YES;
				CLANG_WARN_UNGUARDED_AVAILABILITY = YES_AGGRESSIVE;
				CLANG_WARN_UNREACHABLE_CODE = YES;
				CLANG_WARN__DUPLICATE_METHOD_MATCH = YES;
				COPY_PHASE_STRIP = NO;
				DEBUG_INFORMATION_FORMAT = dwarf;
				ENABLE_STRICT_OBJC_MSGSEND = YES;
				ENABLE_TESTABILITY = YES;
				ENABLE_USER_SCRIPT_SANDBOXING = YES;
				GCC_C_LANGUAGE_STANDARD = gnu17;
				GCC_DYNAMIC_NO_PIC = NO;
				GCC_NO_COMMON_BLOCKS = YES;
				GCC_OPTIMIZATION_LEVEL = 0;
				GCC_PREPROCESSOR_DEFINITIONS = (
					"DEBUG=1",
					"$(inherited)",
				);
				GCC_WARN_64_TO_32_BIT_CONVERSION = YES;
				GCC_WARN_ABOUT_RETURN_TYPE = YES_ERROR;
				GCC_WARN_UNDECLARED_SELECTOR = YES;
				GCC_WARN_UNINITIALIZED_AUTOS = YES_AGGRESSIVE;
				GCC_WARN_UNUSED_FUNCTION = YES;
				GCC_WARN_UNUSED_VARIABLE = YES;
				IPHONEOS_DEPLOYMENT_TARGET = 17.2;
				LOCALIZATION_PREFERS_STRING_CATALOGS = YES;
				MTL_ENABLE_DEBUG_INFO = INCLUDE_SOURCE;
				MTL_FAST_MATH = YES;
				ONLY_ACTIVE_ARCH = YES;
				SDKROOT = iphoneos;
				SWIFT_ACTIVE_COMPILATION_CONDITIONS = "DEBUG $(inherited)";
				SWIFT_OPTIMIZATION_LEVEL = "-Onone";
			};
			name = Debug;
		};
		07F7B4EA2B7EE69A00D077A1 /* Release */ = {
			isa = XCBuildConfiguration;
			buildSettings = {
				ALWAYS_SEARCH_USER_PATHS = NO;
				ASSETCATALOG_COMPILER_GENERATE_SWIFT_ASSET_SYMBOL_EXTENSIONS = YES;
				CLANG_ANALYZER_NONNULL = YES;
				CLANG_ANALYZER_NUMBER_OBJECT_CONVERSION = YES_AGGRESSIVE;
				CLANG_CXX_LANGUAGE_STANDARD = "gnu++20";
				CLANG_ENABLE_MODULES = YES;
				CLANG_ENABLE_OBJC_ARC = YES;
				CLANG_ENABLE_OBJC_WEAK = YES;
				CLANG_WARN_BLOCK_CAPTURE_AUTORELEASING = YES;
				CLANG_WARN_BOOL_CONVERSION = YES;
				CLANG_WARN_COMMA = YES;
				CLANG_WARN_CONSTANT_CONVERSION = YES;
				CLANG_WARN_DEPRECATED_OBJC_IMPLEMENTATIONS = YES;
				CLANG_WARN_DIRECT_OBJC_ISA_USAGE = YES_ERROR;
				CLANG_WARN_DOCUMENTATION_COMMENTS = YES;
				CLANG_WARN_EMPTY_BODY = YES;
				CLANG_WARN_ENUM_CONVERSION = YES;
				CLANG_WARN_INFINITE_RECURSION = YES;
				CLANG_WARN_INT_CONVERSION = YES;
				CLANG_WARN_NON_LITERAL_NULL_CONVERSION = YES;
				CLANG_WARN_OBJC_IMPLICIT_RETAIN_SELF = YES;
				CLANG_WARN_OBJC_LITERAL_CONVERSION = YES;
				CLANG_WARN_OBJC_ROOT_CLASS = YES_ERROR;
				CLANG_WARN_QUOTED_INCLUDE_IN_FRAMEWORK_HEADER = YES;
				CLANG_WARN_RANGE_LOOP_ANALYSIS = YES;
				CLANG_WARN_STRICT_PROTOTYPES = YES;
				CLANG_WARN_SUSPICIOUS_MOVE = YES;
				CLANG_WARN_UNGUARDED_AVAILABILITY = YES_AGGRESSIVE;
				CLANG_WARN_UNREACHABLE_CODE = YES;
				CLANG_WARN__DUPLICATE_METHOD_MATCH = YES;
				COPY_PHASE_STRIP = NO;
				DEBUG_INFORMATION_FORMAT = "dwarf-with-dsym";
				ENABLE_NS_ASSERTIONS = NO;
				ENABLE_STRICT_OBJC_MSGSEND = YES;
				ENABLE_USER_SCRIPT_SANDBOXING = YES;
				GCC_C_LANGUAGE_STANDARD = gnu17;
				GCC_NO_COMMON_BLOCKS = YES;
				GCC_WARN_64_TO_32_BIT_CONVERSION = YES;
				GCC_WARN_ABOUT_RETURN_TYPE = YES_ERROR;
				GCC_WARN_UNDECLARED_SELECTOR = YES;
				GCC_WARN_UNINITIALIZED_AUTOS = YES_AGGRESSIVE;
				GCC_WARN_UNUSED_FUNCTION = YES;
				GCC_WARN_UNUSED_VARIABLE = YES;
				IPHONEOS_DEPLOYMENT_TARGET = 17.2;
				LOCALIZATION_PREFERS_STRING_CATALOGS = YES;
				MTL_ENABLE_DEBUG_INFO = NO;
				MTL_FAST_MATH = YES;
				SDKROOT = iphoneos;
				SWIFT_COMPILATION_MODE = wholemodule;
				VALIDATE_PRODUCT = YES;
			};
			name = Release;
		};
		07F7B4EC2B7EE69A00D077A1 /* Debug */ = {
			isa = XCBuildConfiguration;
			buildSettings = {
				ASSETCATALOG_COMPILER_APPICON_NAME = AppIcon;
				ASSETCATALOG_COMPILER_GLOBAL_ACCENT_COLOR_NAME = AccentColor;
				CODE_SIGN_STYLE = Automatic;
				CURRENT_PROJECT_VERSION = 1;
				DEVELOPMENT_ASSET_PATHS = "\"StudyBarn/Preview Content\"";
				ENABLE_PREVIEWS = YES;
				GENERATE_INFOPLIST_FILE = YES;
				INFOPLIST_FILE = StudyBarn/Info.plist;
				INFOPLIST_KEY_UIApplicationSceneManifest_Generation = YES;
				INFOPLIST_KEY_UIApplicationSupportsIndirectInputEvents = YES;
				INFOPLIST_KEY_UILaunchScreen_Generation = YES;
				INFOPLIST_KEY_UISupportedInterfaceOrientations_iPad = "UIInterfaceOrientationPortrait UIInterfaceOrientationPortraitUpsideDown UIInterfaceOrientationLandscapeLeft UIInterfaceOrientationLandscapeRight";
				INFOPLIST_KEY_UISupportedInterfaceOrientations_iPhone = "UIInterfaceOrientationPortrait UIInterfaceOrientationLandscapeLeft UIInterfaceOrientationLandscapeRight";
				LD_RUNPATH_SEARCH_PATHS = (
					"$(inherited)",
					"@executable_path/Frameworks",
				);
				MARKETING_VERSION = 1.0;
				PRODUCT_BUNDLE_IDENTIFIER = ucdavis.cs.ecs189e.StudyBarn;
				PRODUCT_NAME = "$(TARGET_NAME)";
				SWIFT_EMIT_LOC_STRINGS = YES;
				SWIFT_VERSION = 5.0;
				TARGETED_DEVICE_FAMILY = "1,2";
			};
			name = Debug;
		};
		07F7B4ED2B7EE69A00D077A1 /* Release */ = {
			isa = XCBuildConfiguration;
			buildSettings = {
				ASSETCATALOG_COMPILER_APPICON_NAME = AppIcon;
				ASSETCATALOG_COMPILER_GLOBAL_ACCENT_COLOR_NAME = AccentColor;
				CODE_SIGN_STYLE = Automatic;
				CURRENT_PROJECT_VERSION = 1;
				DEVELOPMENT_ASSET_PATHS = "\"StudyBarn/Preview Content\"";
				ENABLE_PREVIEWS = YES;
				GENERATE_INFOPLIST_FILE = YES;
				INFOPLIST_FILE = StudyBarn/Info.plist;
				INFOPLIST_KEY_UIApplicationSceneManifest_Generation = YES;
				INFOPLIST_KEY_UIApplicationSupportsIndirectInputEvents = YES;
				INFOPLIST_KEY_UILaunchScreen_Generation = YES;
				INFOPLIST_KEY_UISupportedInterfaceOrientations_iPad = "UIInterfaceOrientationPortrait UIInterfaceOrientationPortraitUpsideDown UIInterfaceOrientationLandscapeLeft UIInterfaceOrientationLandscapeRight";
				INFOPLIST_KEY_UISupportedInterfaceOrientations_iPhone = "UIInterfaceOrientationPortrait UIInterfaceOrientationLandscapeLeft UIInterfaceOrientationLandscapeRight";
				LD_RUNPATH_SEARCH_PATHS = (
					"$(inherited)",
					"@executable_path/Frameworks",
				);
				MARKETING_VERSION = 1.0;
				PRODUCT_BUNDLE_IDENTIFIER = ucdavis.cs.ecs189e.StudyBarn;
				PRODUCT_NAME = "$(TARGET_NAME)";
				SWIFT_EMIT_LOC_STRINGS = YES;
				SWIFT_VERSION = 5.0;
				TARGETED_DEVICE_FAMILY = "1,2";
			};
			name = Release;
		};
/* End XCBuildConfiguration section */

/* Begin XCConfigurationList section */
		07F7B4D82B7EE69800D077A1 /* Build configuration list for PBXProject "StudyBarn" */ = {
			isa = XCConfigurationList;
			buildConfigurations = (
				07F7B4E92B7EE69A00D077A1 /* Debug */,
				07F7B4EA2B7EE69A00D077A1 /* Release */,
			);
			defaultConfigurationIsVisible = 0;
			defaultConfigurationName = Release;
		};
		07F7B4EB2B7EE69A00D077A1 /* Build configuration list for PBXNativeTarget "StudyBarn" */ = {
			isa = XCConfigurationList;
			buildConfigurations = (
				07F7B4EC2B7EE69A00D077A1 /* Debug */,
				07F7B4ED2B7EE69A00D077A1 /* Release */,
			);
			defaultConfigurationIsVisible = 0;
			defaultConfigurationName = Release;
		};
/* End XCConfigurationList section */

/* Begin XCRemoteSwiftPackageReference section */
		F13687932B883A6E00A9A974 /* XCRemoteSwiftPackageReference "firebase-ios-sdk" */ = {
			isa = XCRemoteSwiftPackageReference;
			repositoryURL = "https://github.com/firebase/firebase-ios-sdk";
			requirement = {
				kind = upToNextMajorVersion;
				minimumVersion = 10.21.0;
			};
		};
		F13687B82B883B5200A9A974 /* XCRemoteSwiftPackageReference "GoogleSignIn-iOS" */ = {
			isa = XCRemoteSwiftPackageReference;
			repositoryURL = "https://github.com/google/GoogleSignIn-iOS";
			requirement = {
				kind = upToNextMajorVersion;
				minimumVersion = 7.0.0;
			};
		};
/* End XCRemoteSwiftPackageReference section */

/* Begin XCSwiftPackageProductDependency section */
		F13687942B883A6E00A9A974 /* FirebaseAnalytics */ = {
			isa = XCSwiftPackageProductDependency;
			package = F13687932B883A6E00A9A974 /* XCRemoteSwiftPackageReference "firebase-ios-sdk" */;
			productName = FirebaseAnalytics;
		};
		F13687982B883A6E00A9A974 /* FirebaseAnalyticsSwift */ = {
			isa = XCSwiftPackageProductDependency;
			package = F13687932B883A6E00A9A974 /* XCRemoteSwiftPackageReference "firebase-ios-sdk" */;
			productName = FirebaseAnalyticsSwift;
		};
		F13687A02B883A6E00A9A974 /* FirebaseAuth */ = {
			isa = XCSwiftPackageProductDependency;
			package = F13687932B883A6E00A9A974 /* XCRemoteSwiftPackageReference "firebase-ios-sdk" */;
			productName = FirebaseAuth;
		};
		F13687AC2B883A6E00A9A974 /* FirebaseFirestore */ = {
			isa = XCSwiftPackageProductDependency;
			package = F13687932B883A6E00A9A974 /* XCRemoteSwiftPackageReference "firebase-ios-sdk" */;
			productName = FirebaseFirestore;
		};
		F13687B02B883A6E00A9A974 /* FirebaseFirestoreSwift */ = {
			isa = XCSwiftPackageProductDependency;
			package = F13687932B883A6E00A9A974 /* XCRemoteSwiftPackageReference "firebase-ios-sdk" */;
			productName = FirebaseFirestoreSwift;
		};
		F13687B92B883B5200A9A974 /* GoogleSignIn */ = {
			isa = XCSwiftPackageProductDependency;
			package = F13687B82B883B5200A9A974 /* XCRemoteSwiftPackageReference "GoogleSignIn-iOS" */;
			productName = GoogleSignIn;
		};
		F13687BB2B883B5200A9A974 /* GoogleSignInSwift */ = {
			isa = XCSwiftPackageProductDependency;
			package = F13687B82B883B5200A9A974 /* XCRemoteSwiftPackageReference "GoogleSignIn-iOS" */;
			productName = GoogleSignInSwift;
		};
/* End XCSwiftPackageProductDependency section */
	};
	rootObject = 07F7B4D52B7EE69800D077A1 /* Project object */;
}
